// !$*UTF8*$!
{
	archiveVersion = 1;
	classes = {
	};
	objectVersion = 46;
	objects = {

/* Begin PBXBuildFile section */
		197C6C601AA5C8710033A8F7 /* HttpEngine.m in Sources */ = {isa = PBXBuildFile; fileRef = 197C6C551AA5C8710033A8F7 /* HttpEngine.m */; };
		197C6C611AA5C8710033A8F7 /* AsiGetRequestModel.m in Sources */ = {isa = PBXBuildFile; fileRef = 197C6C581AA5C8710033A8F7 /* AsiGetRequestModel.m */; };
		197C6C621AA5C8710033A8F7 /* NetWorkService.m in Sources */ = {isa = PBXBuildFile; fileRef = 197C6C5A1AA5C8710033A8F7 /* NetWorkService.m */; };
		197C6C631AA5C8710033A8F7 /* FormDataRequest.m in Sources */ = {isa = PBXBuildFile; fileRef = 197C6C5D1AA5C8710033A8F7 /* FormDataRequest.m */; };
		197C6C641AA5C8710033A8F7 /* HTTPRequest.m in Sources */ = {isa = PBXBuildFile; fileRef = 197C6C5F1AA5C8710033A8F7 /* HTTPRequest.m */; };
		197C6C9E1AA5C9810033A8F7 /* ASIAuthenticationDialog.m in Sources */ = {isa = PBXBuildFile; fileRef = 197C6C671AA5C9810033A8F7 /* ASIAuthenticationDialog.m */; settings = {COMPILER_FLAGS = "-fno-objc-arc"; }; };
		197C6C9F1AA5C9810033A8F7 /* ASIDataCompressor.m in Sources */ = {isa = PBXBuildFile; fileRef = 197C6C6A1AA5C9810033A8F7 /* ASIDataCompressor.m */; settings = {COMPILER_FLAGS = "-fno-objc-arc"; }; };
		197C6CA01AA5C9810033A8F7 /* ASIDataDecompressor.m in Sources */ = {isa = PBXBuildFile; fileRef = 197C6C6C1AA5C9810033A8F7 /* ASIDataDecompressor.m */; settings = {COMPILER_FLAGS = "-fno-objc-arc"; }; };
		197C6CA11AA5C9810033A8F7 /* ASIDownloadCache.m in Sources */ = {isa = PBXBuildFile; fileRef = 197C6C6E1AA5C9810033A8F7 /* ASIDownloadCache.m */; settings = {COMPILER_FLAGS = "-fno-objc-arc"; }; };
		197C6CA21AA5C9810033A8F7 /* ASIFormDataRequest.m in Sources */ = {isa = PBXBuildFile; fileRef = 197C6C701AA5C9810033A8F7 /* ASIFormDataRequest.m */; settings = {COMPILER_FLAGS = "-fno-objc-arc"; }; };
		197C6CA31AA5C9810033A8F7 /* ASIHTTPRequest.m in Sources */ = {isa = PBXBuildFile; fileRef = 197C6C721AA5C9810033A8F7 /* ASIHTTPRequest.m */; settings = {COMPILER_FLAGS = "-fno-objc-arc"; }; };
		197C6CA41AA5C9810033A8F7 /* ASIInputStream.m in Sources */ = {isa = PBXBuildFile; fileRef = 197C6C761AA5C9810033A8F7 /* ASIInputStream.m */; settings = {COMPILER_FLAGS = "-fno-objc-arc"; }; };
		197C6CA51AA5C9810033A8F7 /* ASINetworkQueue.m in Sources */ = {isa = PBXBuildFile; fileRef = 197C6C781AA5C9810033A8F7 /* ASINetworkQueue.m */; settings = {COMPILER_FLAGS = "-fno-objc-arc"; }; };
		197C6CA61AA5C9810033A8F7 /* ASIWebPageRequest.m in Sources */ = {isa = PBXBuildFile; fileRef = 197C6C7C1AA5C9810033A8F7 /* ASIWebPageRequest.m */; settings = {COMPILER_FLAGS = "-fno-objc-arc"; }; };
		197C6CA71AA5C9810033A8F7 /* ASICloudFilesCDNRequest.m in Sources */ = {isa = PBXBuildFile; fileRef = 197C6C7F1AA5C9810033A8F7 /* ASICloudFilesCDNRequest.m */; settings = {COMPILER_FLAGS = "-fno-objc-arc"; }; };
		197C6CA81AA5C9810033A8F7 /* ASICloudFilesContainer.m in Sources */ = {isa = PBXBuildFile; fileRef = 197C6C811AA5C9810033A8F7 /* ASICloudFilesContainer.m */; settings = {COMPILER_FLAGS = "-fno-objc-arc"; }; };
		197C6CA91AA5C9810033A8F7 /* ASICloudFilesContainerRequest.m in Sources */ = {isa = PBXBuildFile; fileRef = 197C6C831AA5C9810033A8F7 /* ASICloudFilesContainerRequest.m */; settings = {COMPILER_FLAGS = "-fno-objc-arc"; }; };
		197C6CAA1AA5C9810033A8F7 /* ASICloudFilesContainerXMLParserDelegate.m in Sources */ = {isa = PBXBuildFile; fileRef = 197C6C851AA5C9810033A8F7 /* ASICloudFilesContainerXMLParserDelegate.m */; settings = {COMPILER_FLAGS = "-fno-objc-arc"; }; };
		197C6CAB1AA5C9810033A8F7 /* ASICloudFilesObject.m in Sources */ = {isa = PBXBuildFile; fileRef = 197C6C871AA5C9810033A8F7 /* ASICloudFilesObject.m */; settings = {COMPILER_FLAGS = "-fno-objc-arc"; }; };
		197C6CAC1AA5C9810033A8F7 /* ASICloudFilesObjectRequest.m in Sources */ = {isa = PBXBuildFile; fileRef = 197C6C891AA5C9810033A8F7 /* ASICloudFilesObjectRequest.m */; settings = {COMPILER_FLAGS = "-fno-objc-arc"; }; };
		197C6CAD1AA5C9810033A8F7 /* ASICloudFilesRequest.m in Sources */ = {isa = PBXBuildFile; fileRef = 197C6C8B1AA5C9810033A8F7 /* ASICloudFilesRequest.m */; settings = {COMPILER_FLAGS = "-fno-objc-arc"; }; };
		197C6CAE1AA5C9810033A8F7 /* ASIS3Bucket.m in Sources */ = {isa = PBXBuildFile; fileRef = 197C6C8F1AA5C9810033A8F7 /* ASIS3Bucket.m */; settings = {COMPILER_FLAGS = "-fno-objc-arc"; }; };
		197C6CAF1AA5C9810033A8F7 /* ASIS3BucketObject.m in Sources */ = {isa = PBXBuildFile; fileRef = 197C6C911AA5C9810033A8F7 /* ASIS3BucketObject.m */; settings = {COMPILER_FLAGS = "-fno-objc-arc"; }; };
		197C6CB01AA5C9810033A8F7 /* ASIS3BucketRequest.m in Sources */ = {isa = PBXBuildFile; fileRef = 197C6C931AA5C9810033A8F7 /* ASIS3BucketRequest.m */; settings = {COMPILER_FLAGS = "-fno-objc-arc"; }; };
		197C6CB11AA5C9810033A8F7 /* ASIS3ObjectRequest.m in Sources */ = {isa = PBXBuildFile; fileRef = 197C6C951AA5C9810033A8F7 /* ASIS3ObjectRequest.m */; settings = {COMPILER_FLAGS = "-fno-objc-arc"; }; };
		197C6CB21AA5C9810033A8F7 /* ASIS3Request.m in Sources */ = {isa = PBXBuildFile; fileRef = 197C6C971AA5C9810033A8F7 /* ASIS3Request.m */; settings = {COMPILER_FLAGS = "-fno-objc-arc"; }; };
		197C6CB31AA5C9810033A8F7 /* ASIS3ServiceRequest.m in Sources */ = {isa = PBXBuildFile; fileRef = 197C6C991AA5C9810033A8F7 /* ASIS3ServiceRequest.m */; settings = {COMPILER_FLAGS = "-fno-objc-arc"; }; };
		197C6CB41AA5C9810033A8F7 /* JSONKit.m in Sources */ = {isa = PBXBuildFile; fileRef = 197C6C9D1AA5C9810033A8F7 /* JSONKit.m */; settings = {COMPILER_FLAGS = "-fno-objc-arc"; }; };
		197C6CB71AA5CA1E0033A8F7 /* UIModelCoding.m in Sources */ = {isa = PBXBuildFile; fileRef = 197C6CB61AA5CA1E0033A8F7 /* UIModelCoding.m */; };
		197C6CBB1AA5CA860033A8F7 /* UIManagement.m in Sources */ = {isa = PBXBuildFile; fileRef = 197C6CBA1AA5CA860033A8F7 /* UIManagement.m */; };
		197C6CBD1AA5CAB80033A8F7 /* Foundation.framework in Frameworks */ = {isa = PBXBuildFile; fileRef = 197C6CBC1AA5CAB80033A8F7 /* Foundation.framework */; };
		197C6CBF1AA5CAD80033A8F7 /* AVFoundation.framework in Frameworks */ = {isa = PBXBuildFile; fileRef = 197C6CBE1AA5CAD80033A8F7 /* AVFoundation.framework */; };
		197C6CC11AA5CAF00033A8F7 /* UIKit.framework in Frameworks */ = {isa = PBXBuildFile; fileRef = 197C6CC01AA5CAF00033A8F7 /* UIKit.framework */; };
		197C6CC31AA5CAFA0033A8F7 /* CFNetwork.framework in Frameworks */ = {isa = PBXBuildFile; fileRef = 197C6CC21AA5CAFA0033A8F7 /* CFNetwork.framework */; };
		197C6CC71AA5CB3E0033A8F7 /* libz.1.2.5.dylib in Frameworks */ = {isa = PBXBuildFile; fileRef = 197C6CC61AA5CB3E0033A8F7 /* libz.1.2.5.dylib */; };
		197C6CCA1AA5CCFC0033A8F7 /* Operation.m in Sources */ = {isa = PBXBuildFile; fileRef = 197C6CC91AA5CCFC0033A8F7 /* Operation.m */; };
		197C6CCE1AA5CDE50033A8F7 /* Reachability.m in Sources */ = {isa = PBXBuildFile; fileRef = 197C6CCD1AA5CDE50033A8F7 /* Reachability.m */; settings = {COMPILER_FLAGS = "-fno-objc-arc"; }; };
		197C6CCF1AA5CFA00033A8F7 /* libxml2.dylib in Frameworks */ = {isa = PBXBuildFile; fileRef = 197C6CC41AA5CB310033A8F7 /* libxml2.dylib */; };
		19C1F7511AA073D900022293 /* EaseMob.bundle in Resources */ = {isa = PBXBuildFile; fileRef = 19C1F74E1AA073D800022293 /* EaseMob.bundle */; };
		74BE67111A9F40BA008F7C44 /* main.m in Sources */ = {isa = PBXBuildFile; fileRef = 74BE67101A9F40BA008F7C44 /* main.m */; };
		74BE67141A9F40BA008F7C44 /* AppDelegate.m in Sources */ = {isa = PBXBuildFile; fileRef = 74BE67131A9F40BA008F7C44 /* AppDelegate.m */; };
		74BE67171A9F40BA008F7C44 /* ViewController.m in Sources */ = {isa = PBXBuildFile; fileRef = 74BE67161A9F40BA008F7C44 /* ViewController.m */; };
		74BE671A1A9F40BA008F7C44 /* Main.storyboard in Resources */ = {isa = PBXBuildFile; fileRef = 74BE67181A9F40BA008F7C44 /* Main.storyboard */; };
		74BE671C1A9F40BA008F7C44 /* Images.xcassets in Resources */ = {isa = PBXBuildFile; fileRef = 74BE671B1A9F40BA008F7C44 /* Images.xcassets */; };
		74BE671F1A9F40BA008F7C44 /* LaunchScreen.xib in Resources */ = {isa = PBXBuildFile; fileRef = 74BE671D1A9F40BA008F7C44 /* LaunchScreen.xib */; };
		74BE672B1A9F40BB008F7C44 /* OrangeDoctorTests.m in Sources */ = {isa = PBXBuildFile; fileRef = 74BE672A1A9F40BB008F7C44 /* OrangeDoctorTests.m */; };
/* End PBXBuildFile section */

/* Begin PBXContainerItemProxy section */
		74BE67251A9F40BB008F7C44 /* PBXContainerItemProxy */ = {
			isa = PBXContainerItemProxy;
			containerPortal = 74BE67031A9F40BA008F7C44 /* Project object */;
			proxyType = 1;
			remoteGlobalIDString = 74BE670A1A9F40BA008F7C44;
			remoteInfo = OrangeDoctor;
		};
/* End PBXContainerItemProxy section */

/* Begin PBXFileReference section */
		197C6C541AA5C8710033A8F7 /* HttpEngine.h */ = {isa = PBXFileReference; fileEncoding = 4; lastKnownFileType = sourcecode.c.h; path = HttpEngine.h; sourceTree = "<group>"; };
		197C6C551AA5C8710033A8F7 /* HttpEngine.m */ = {isa = PBXFileReference; fileEncoding = 4; lastKnownFileType = sourcecode.c.objc; path = HttpEngine.m; sourceTree = "<group>"; };
		197C6C571AA5C8710033A8F7 /* AsiGetRequestModel.h */ = {isa = PBXFileReference; fileEncoding = 4; lastKnownFileType = sourcecode.c.h; path = AsiGetRequestModel.h; sourceTree = "<group>"; };
		197C6C581AA5C8710033A8F7 /* AsiGetRequestModel.m */ = {isa = PBXFileReference; fileEncoding = 4; lastKnownFileType = sourcecode.c.objc; path = AsiGetRequestModel.m; sourceTree = "<group>"; };
		197C6C591AA5C8710033A8F7 /* NetWorkService.h */ = {isa = PBXFileReference; fileEncoding = 4; lastKnownFileType = sourcecode.c.h; path = NetWorkService.h; sourceTree = "<group>"; };
		197C6C5A1AA5C8710033A8F7 /* NetWorkService.m */ = {isa = PBXFileReference; fileEncoding = 4; lastKnownFileType = sourcecode.c.objc; path = NetWorkService.m; sourceTree = "<group>"; };
		197C6C5C1AA5C8710033A8F7 /* FormDataRequest.h */ = {isa = PBXFileReference; fileEncoding = 4; lastKnownFileType = sourcecode.c.h; path = FormDataRequest.h; sourceTree = "<group>"; };
		197C6C5D1AA5C8710033A8F7 /* FormDataRequest.m */ = {isa = PBXFileReference; fileEncoding = 4; lastKnownFileType = sourcecode.c.objc; path = FormDataRequest.m; sourceTree = "<group>"; };
		197C6C5E1AA5C8710033A8F7 /* HTTPRequest.h */ = {isa = PBXFileReference; fileEncoding = 4; lastKnownFileType = sourcecode.c.h; path = HTTPRequest.h; sourceTree = "<group>"; };
		197C6C5F1AA5C8710033A8F7 /* HTTPRequest.m */ = {isa = PBXFileReference; fileEncoding = 4; lastKnownFileType = sourcecode.c.objc; path = HTTPRequest.m; sourceTree = "<group>"; };
		197C6C661AA5C9810033A8F7 /* ASIAuthenticationDialog.h */ = {isa = PBXFileReference; fileEncoding = 4; lastKnownFileType = sourcecode.c.h; path = ASIAuthenticationDialog.h; sourceTree = "<group>"; };
		197C6C671AA5C9810033A8F7 /* ASIAuthenticationDialog.m */ = {isa = PBXFileReference; fileEncoding = 4; lastKnownFileType = sourcecode.c.objc; path = ASIAuthenticationDialog.m; sourceTree = "<group>"; };
		197C6C681AA5C9810033A8F7 /* ASICacheDelegate.h */ = {isa = PBXFileReference; fileEncoding = 4; lastKnownFileType = sourcecode.c.h; path = ASICacheDelegate.h; sourceTree = "<group>"; };
		197C6C691AA5C9810033A8F7 /* ASIDataCompressor.h */ = {isa = PBXFileReference; fileEncoding = 4; lastKnownFileType = sourcecode.c.h; path = ASIDataCompressor.h; sourceTree = "<group>"; };
		197C6C6A1AA5C9810033A8F7 /* ASIDataCompressor.m */ = {isa = PBXFileReference; fileEncoding = 4; lastKnownFileType = sourcecode.c.objc; path = ASIDataCompressor.m; sourceTree = "<group>"; };
		197C6C6B1AA5C9810033A8F7 /* ASIDataDecompressor.h */ = {isa = PBXFileReference; fileEncoding = 4; lastKnownFileType = sourcecode.c.h; path = ASIDataDecompressor.h; sourceTree = "<group>"; };
		197C6C6C1AA5C9810033A8F7 /* ASIDataDecompressor.m */ = {isa = PBXFileReference; fileEncoding = 4; lastKnownFileType = sourcecode.c.objc; path = ASIDataDecompressor.m; sourceTree = "<group>"; };
		197C6C6D1AA5C9810033A8F7 /* ASIDownloadCache.h */ = {isa = PBXFileReference; fileEncoding = 4; lastKnownFileType = sourcecode.c.h; path = ASIDownloadCache.h; sourceTree = "<group>"; };
		197C6C6E1AA5C9810033A8F7 /* ASIDownloadCache.m */ = {isa = PBXFileReference; fileEncoding = 4; lastKnownFileType = sourcecode.c.objc; path = ASIDownloadCache.m; sourceTree = "<group>"; };
		197C6C6F1AA5C9810033A8F7 /* ASIFormDataRequest.h */ = {isa = PBXFileReference; fileEncoding = 4; lastKnownFileType = sourcecode.c.h; path = ASIFormDataRequest.h; sourceTree = "<group>"; };
		197C6C701AA5C9810033A8F7 /* ASIFormDataRequest.m */ = {isa = PBXFileReference; fileEncoding = 4; lastKnownFileType = sourcecode.c.objc; path = ASIFormDataRequest.m; sourceTree = "<group>"; };
		197C6C711AA5C9810033A8F7 /* ASIHTTPRequest.h */ = {isa = PBXFileReference; fileEncoding = 4; lastKnownFileType = sourcecode.c.h; path = ASIHTTPRequest.h; sourceTree = "<group>"; };
		197C6C721AA5C9810033A8F7 /* ASIHTTPRequest.m */ = {isa = PBXFileReference; fileEncoding = 4; lastKnownFileType = sourcecode.c.objc; path = ASIHTTPRequest.m; sourceTree = "<group>"; };
		197C6C731AA5C9810033A8F7 /* ASIHTTPRequestConfig.h */ = {isa = PBXFileReference; fileEncoding = 4; lastKnownFileType = sourcecode.c.h; path = ASIHTTPRequestConfig.h; sourceTree = "<group>"; };
		197C6C741AA5C9810033A8F7 /* ASIHTTPRequestDelegate.h */ = {isa = PBXFileReference; fileEncoding = 4; lastKnownFileType = sourcecode.c.h; path = ASIHTTPRequestDelegate.h; sourceTree = "<group>"; };
		197C6C751AA5C9810033A8F7 /* ASIInputStream.h */ = {isa = PBXFileReference; fileEncoding = 4; lastKnownFileType = sourcecode.c.h; path = ASIInputStream.h; sourceTree = "<group>"; };
		197C6C761AA5C9810033A8F7 /* ASIInputStream.m */ = {isa = PBXFileReference; fileEncoding = 4; lastKnownFileType = sourcecode.c.objc; path = ASIInputStream.m; sourceTree = "<group>"; };
		197C6C771AA5C9810033A8F7 /* ASINetworkQueue.h */ = {isa = PBXFileReference; fileEncoding = 4; lastKnownFileType = sourcecode.c.h; path = ASINetworkQueue.h; sourceTree = "<group>"; };
		197C6C781AA5C9810033A8F7 /* ASINetworkQueue.m */ = {isa = PBXFileReference; fileEncoding = 4; lastKnownFileType = sourcecode.c.objc; path = ASINetworkQueue.m; sourceTree = "<group>"; };
		197C6C791AA5C9810033A8F7 /* ASIProgressDelegate.h */ = {isa = PBXFileReference; fileEncoding = 4; lastKnownFileType = sourcecode.c.h; path = ASIProgressDelegate.h; sourceTree = "<group>"; };
		197C6C7B1AA5C9810033A8F7 /* ASIWebPageRequest.h */ = {isa = PBXFileReference; fileEncoding = 4; lastKnownFileType = sourcecode.c.h; path = ASIWebPageRequest.h; sourceTree = "<group>"; };
		197C6C7C1AA5C9810033A8F7 /* ASIWebPageRequest.m */ = {isa = PBXFileReference; fileEncoding = 4; lastKnownFileType = sourcecode.c.objc; path = ASIWebPageRequest.m; sourceTree = "<group>"; };
		197C6C7E1AA5C9810033A8F7 /* ASICloudFilesCDNRequest.h */ = {isa = PBXFileReference; fileEncoding = 4; lastKnownFileType = sourcecode.c.h; path = ASICloudFilesCDNRequest.h; sourceTree = "<group>"; };
		197C6C7F1AA5C9810033A8F7 /* ASICloudFilesCDNRequest.m */ = {isa = PBXFileReference; fileEncoding = 4; lastKnownFileType = sourcecode.c.objc; path = ASICloudFilesCDNRequest.m; sourceTree = "<group>"; };
		197C6C801AA5C9810033A8F7 /* ASICloudFilesContainer.h */ = {isa = PBXFileReference; fileEncoding = 4; lastKnownFileType = sourcecode.c.h; path = ASICloudFilesContainer.h; sourceTree = "<group>"; };
		197C6C811AA5C9810033A8F7 /* ASICloudFilesContainer.m */ = {isa = PBXFileReference; fileEncoding = 4; lastKnownFileType = sourcecode.c.objc; path = ASICloudFilesContainer.m; sourceTree = "<group>"; };
		197C6C821AA5C9810033A8F7 /* ASICloudFilesContainerRequest.h */ = {isa = PBXFileReference; fileEncoding = 4; lastKnownFileType = sourcecode.c.h; path = ASICloudFilesContainerRequest.h; sourceTree = "<group>"; };
		197C6C831AA5C9810033A8F7 /* ASICloudFilesContainerRequest.m */ = {isa = PBXFileReference; fileEncoding = 4; lastKnownFileType = sourcecode.c.objc; path = ASICloudFilesContainerRequest.m; sourceTree = "<group>"; };
		197C6C841AA5C9810033A8F7 /* ASICloudFilesContainerXMLParserDelegate.h */ = {isa = PBXFileReference; fileEncoding = 4; lastKnownFileType = sourcecode.c.h; path = ASICloudFilesContainerXMLParserDelegate.h; sourceTree = "<group>"; };
		197C6C851AA5C9810033A8F7 /* ASICloudFilesContainerXMLParserDelegate.m */ = {isa = PBXFileReference; fileEncoding = 4; lastKnownFileType = sourcecode.c.objc; path = ASICloudFilesContainerXMLParserDelegate.m; sourceTree = "<group>"; };
		197C6C861AA5C9810033A8F7 /* ASICloudFilesObject.h */ = {isa = PBXFileReference; fileEncoding = 4; lastKnownFileType = sourcecode.c.h; path = ASICloudFilesObject.h; sourceTree = "<group>"; };
		197C6C871AA5C9810033A8F7 /* ASICloudFilesObject.m */ = {isa = PBXFileReference; fileEncoding = 4; lastKnownFileType = sourcecode.c.objc; path = ASICloudFilesObject.m; sourceTree = "<group>"; };
		197C6C881AA5C9810033A8F7 /* ASICloudFilesObjectRequest.h */ = {isa = PBXFileReference; fileEncoding = 4; lastKnownFileType = sourcecode.c.h; path = ASICloudFilesObjectRequest.h; sourceTree = "<group>"; };
		197C6C891AA5C9810033A8F7 /* ASICloudFilesObjectRequest.m */ = {isa = PBXFileReference; fileEncoding = 4; lastKnownFileType = sourcecode.c.objc; path = ASICloudFilesObjectRequest.m; sourceTree = "<group>"; };
		197C6C8A1AA5C9810033A8F7 /* ASICloudFilesRequest.h */ = {isa = PBXFileReference; fileEncoding = 4; lastKnownFileType = sourcecode.c.h; path = ASICloudFilesRequest.h; sourceTree = "<group>"; };
		197C6C8B1AA5C9810033A8F7 /* ASICloudFilesRequest.m */ = {isa = PBXFileReference; fileEncoding = 4; lastKnownFileType = sourcecode.c.objc; path = ASICloudFilesRequest.m; sourceTree = "<group>"; };
		197C6C8D1AA5C9810033A8F7 /* ASINSXMLParserCompat.h */ = {isa = PBXFileReference; fileEncoding = 4; lastKnownFileType = sourcecode.c.h; path = ASINSXMLParserCompat.h; sourceTree = "<group>"; };
		197C6C8E1AA5C9810033A8F7 /* ASIS3Bucket.h */ = {isa = PBXFileReference; fileEncoding = 4; lastKnownFileType = sourcecode.c.h; path = ASIS3Bucket.h; sourceTree = "<group>"; };
		197C6C8F1AA5C9810033A8F7 /* ASIS3Bucket.m */ = {isa = PBXFileReference; fileEncoding = 4; lastKnownFileType = sourcecode.c.objc; path = ASIS3Bucket.m; sourceTree = "<group>"; };
		197C6C901AA5C9810033A8F7 /* ASIS3BucketObject.h */ = {isa = PBXFileReference; fileEncoding = 4; lastKnownFileType = sourcecode.c.h; path = ASIS3BucketObject.h; sourceTree = "<group>"; };
		197C6C911AA5C9810033A8F7 /* ASIS3BucketObject.m */ = {isa = PBXFileReference; fileEncoding = 4; lastKnownFileType = sourcecode.c.objc; path = ASIS3BucketObject.m; sourceTree = "<group>"; };
		197C6C921AA5C9810033A8F7 /* ASIS3BucketRequest.h */ = {isa = PBXFileReference; fileEncoding = 4; lastKnownFileType = sourcecode.c.h; path = ASIS3BucketRequest.h; sourceTree = "<group>"; };
		197C6C931AA5C9810033A8F7 /* ASIS3BucketRequest.m */ = {isa = PBXFileReference; fileEncoding = 4; lastKnownFileType = sourcecode.c.objc; path = ASIS3BucketRequest.m; sourceTree = "<group>"; };
		197C6C941AA5C9810033A8F7 /* ASIS3ObjectRequest.h */ = {isa = PBXFileReference; fileEncoding = 4; lastKnownFileType = sourcecode.c.h; path = ASIS3ObjectRequest.h; sourceTree = "<group>"; };
		197C6C951AA5C9810033A8F7 /* ASIS3ObjectRequest.m */ = {isa = PBXFileReference; fileEncoding = 4; lastKnownFileType = sourcecode.c.objc; path = ASIS3ObjectRequest.m; sourceTree = "<group>"; };
		197C6C961AA5C9810033A8F7 /* ASIS3Request.h */ = {isa = PBXFileReference; fileEncoding = 4; lastKnownFileType = sourcecode.c.h; path = ASIS3Request.h; sourceTree = "<group>"; };
		197C6C971AA5C9810033A8F7 /* ASIS3Request.m */ = {isa = PBXFileReference; fileEncoding = 4; lastKnownFileType = sourcecode.c.objc; path = ASIS3Request.m; sourceTree = "<group>"; };
		197C6C981AA5C9810033A8F7 /* ASIS3ServiceRequest.h */ = {isa = PBXFileReference; fileEncoding = 4; lastKnownFileType = sourcecode.c.h; path = ASIS3ServiceRequest.h; sourceTree = "<group>"; };
		197C6C991AA5C9810033A8F7 /* ASIS3ServiceRequest.m */ = {isa = PBXFileReference; fileEncoding = 4; lastKnownFileType = sourcecode.c.objc; path = ASIS3ServiceRequest.m; sourceTree = "<group>"; };
		197C6C9C1AA5C9810033A8F7 /* JSONKit.h */ = {isa = PBXFileReference; fileEncoding = 4; lastKnownFileType = sourcecode.c.h; path = JSONKit.h; sourceTree = "<group>"; };
		197C6C9D1AA5C9810033A8F7 /* JSONKit.m */ = {isa = PBXFileReference; fileEncoding = 4; lastKnownFileType = sourcecode.c.objc; path = JSONKit.m; sourceTree = "<group>"; };
		197C6CB51AA5CA1E0033A8F7 /* UIModelCoding.h */ = {isa = PBXFileReference; fileEncoding = 4; lastKnownFileType = sourcecode.c.h; path = UIModelCoding.h; sourceTree = "<group>"; };
		197C6CB61AA5CA1E0033A8F7 /* UIModelCoding.m */ = {isa = PBXFileReference; fileEncoding = 4; lastKnownFileType = sourcecode.c.objc; path = UIModelCoding.m; sourceTree = "<group>"; };
		197C6CB91AA5CA860033A8F7 /* UIManagement.h */ = {isa = PBXFileReference; fileEncoding = 4; lastKnownFileType = sourcecode.c.h; path = UIManagement.h; sourceTree = "<group>"; };
		197C6CBA1AA5CA860033A8F7 /* UIManagement.m */ = {isa = PBXFileReference; fileEncoding = 4; lastKnownFileType = sourcecode.c.objc; path = UIManagement.m; sourceTree = "<group>"; };
		197C6CBC1AA5CAB80033A8F7 /* Foundation.framework */ = {isa = PBXFileReference; lastKnownFileType = wrapper.framework; name = Foundation.framework; path = System/Library/Frameworks/Foundation.framework; sourceTree = SDKROOT; };
		197C6CBE1AA5CAD80033A8F7 /* AVFoundation.framework */ = {isa = PBXFileReference; lastKnownFileType = wrapper.framework; name = AVFoundation.framework; path = System/Library/Frameworks/AVFoundation.framework; sourceTree = SDKROOT; };
		197C6CC01AA5CAF00033A8F7 /* UIKit.framework */ = {isa = PBXFileReference; lastKnownFileType = wrapper.framework; name = UIKit.framework; path = System/Library/Frameworks/UIKit.framework; sourceTree = SDKROOT; };
		197C6CC21AA5CAFA0033A8F7 /* CFNetwork.framework */ = {isa = PBXFileReference; lastKnownFileType = wrapper.framework; name = CFNetwork.framework; path = System/Library/Frameworks/CFNetwork.framework; sourceTree = SDKROOT; };
		197C6CC41AA5CB310033A8F7 /* libxml2.dylib */ = {isa = PBXFileReference; lastKnownFileType = "compiled.mach-o.dylib"; name = libxml2.dylib; path = usr/lib/libxml2.dylib; sourceTree = SDKROOT; };
		197C6CC61AA5CB3E0033A8F7 /* libz.1.2.5.dylib */ = {isa = PBXFileReference; lastKnownFileType = "compiled.mach-o.dylib"; name = libz.1.2.5.dylib; path = usr/lib/libz.1.2.5.dylib; sourceTree = SDKROOT; };
		197C6CC81AA5CCFC0033A8F7 /* Operation.h */ = {isa = PBXFileReference; fileEncoding = 4; lastKnownFileType = sourcecode.c.h; path = Operation.h; sourceTree = "<group>"; };
		197C6CC91AA5CCFC0033A8F7 /* Operation.m */ = {isa = PBXFileReference; fileEncoding = 4; lastKnownFileType = sourcecode.c.objc; path = Operation.m; sourceTree = "<group>"; };
		197C6CCC1AA5CDE50033A8F7 /* Reachability.h */ = {isa = PBXFileReference; fileEncoding = 4; lastKnownFileType = sourcecode.c.h; path = Reachability.h; sourceTree = "<group>"; };
		197C6CCD1AA5CDE50033A8F7 /* Reachability.m */ = {isa = PBXFileReference; fileEncoding = 4; lastKnownFileType = sourcecode.c.objc; path = Reachability.m; sourceTree = "<group>"; };
		19C1F6D51AA073D800022293 /* ICallManagerDelegate.h */ = {isa = PBXFileReference; fileEncoding = 4; lastKnownFileType = sourcecode.c.h; path = ICallManagerDelegate.h; sourceTree = "<group>"; };
		19C1F6D71AA073D800022293 /* EMCallManagerCallDelegate.h */ = {isa = PBXFileReference; fileEncoding = 4; lastKnownFileType = sourcecode.c.h; path = EMCallManagerCallDelegate.h; sourceTree = "<group>"; };
		19C1F6D81AA073D800022293 /* EMCallManagerDelegate.h */ = {isa = PBXFileReference; fileEncoding = 4; lastKnownFileType = sourcecode.c.h; path = EMCallManagerDelegate.h; sourceTree = "<group>"; };
		19C1F6D91AA073D800022293 /* EMCallManagerDelegateBase.h */ = {isa = PBXFileReference; fileEncoding = 4; lastKnownFileType = sourcecode.c.h; path = EMCallManagerDelegateBase.h; sourceTree = "<group>"; };
		19C1F6DA1AA073D800022293 /* EMCallSessionDelegate.h */ = {isa = PBXFileReference; fileEncoding = 4; lastKnownFileType = sourcecode.c.h; path = EMCallSessionDelegate.h; sourceTree = "<group>"; };
		19C1F6DB1AA073D800022293 /* ICallManager.h */ = {isa = PBXFileReference; fileEncoding = 4; lastKnownFileType = sourcecode.c.h; path = ICallManager.h; sourceTree = "<group>"; };
		19C1F6DD1AA073D800022293 /* ICallManagerAddressbook.h */ = {isa = PBXFileReference; fileEncoding = 4; lastKnownFileType = sourcecode.c.h; path = ICallManagerAddressbook.h; sourceTree = "<group>"; };
		19C1F6DE1AA073D800022293 /* ICallManagerBase.h */ = {isa = PBXFileReference; fileEncoding = 4; lastKnownFileType = sourcecode.c.h; path = ICallManagerBase.h; sourceTree = "<group>"; };
		19C1F6DF1AA073D800022293 /* ICallManagerCall.h */ = {isa = PBXFileReference; fileEncoding = 4; lastKnownFileType = sourcecode.c.h; path = ICallManagerCall.h; sourceTree = "<group>"; };
		19C1F6E01AA073D800022293 /* ICallManagerHistory.h */ = {isa = PBXFileReference; fileEncoding = 4; lastKnownFileType = sourcecode.c.h; path = ICallManagerHistory.h; sourceTree = "<group>"; };
		19C1F6E11AA073D800022293 /* ICallManagerUtil.h */ = {isa = PBXFileReference; fileEncoding = 4; lastKnownFileType = sourcecode.c.h; path = ICallManagerUtil.h; sourceTree = "<group>"; };
		19C1F6E21AA073D800022293 /* ICallSessionStatistics.h */ = {isa = PBXFileReference; fileEncoding = 4; lastKnownFileType = sourcecode.c.h; path = ICallSessionStatistics.h; sourceTree = "<group>"; };
		19C1F6E41AA073D800022293 /* EMCallInfo.h */ = {isa = PBXFileReference; fileEncoding = 4; lastKnownFileType = sourcecode.c.h; path = EMCallInfo.h; sourceTree = "<group>"; };
		19C1F6E51AA073D800022293 /* EMCallLog.h */ = {isa = PBXFileReference; fileEncoding = 4; lastKnownFileType = sourcecode.c.h; path = EMCallLog.h; sourceTree = "<group>"; };
		19C1F6E61AA073D800022293 /* EMCallPeer.h */ = {isa = PBXFileReference; fileEncoding = 4; lastKnownFileType = sourcecode.c.h; path = EMCallPeer.h; sourceTree = "<group>"; };
		19C1F6E71AA073D800022293 /* EMCallServiceDefs.h */ = {isa = PBXFileReference; fileEncoding = 4; lastKnownFileType = sourcecode.c.h; path = EMCallServiceDefs.h; sourceTree = "<group>"; };
		19C1F6E81AA073D800022293 /* EMCallSession.h */ = {isa = PBXFileReference; fileEncoding = 4; lastKnownFileType = sourcecode.c.h; path = EMCallSession.h; sourceTree = "<group>"; };
		19C1F6E91AA073D800022293 /* EMCallSessionStatistics.h */ = {isa = PBXFileReference; fileEncoding = 4; lastKnownFileType = sourcecode.c.h; path = EMCallSessionStatistics.h; sourceTree = "<group>"; };
		19C1F6EA1AA073D800022293 /* IAddressbook.h */ = {isa = PBXFileReference; fileEncoding = 4; lastKnownFileType = sourcecode.c.h; path = IAddressbook.h; sourceTree = "<group>"; };
		19C1F6EE1AA073D800022293 /* IChatManagerDelegate.h */ = {isa = PBXFileReference; fileEncoding = 4; lastKnownFileType = sourcecode.c.h; path = IChatManagerDelegate.h; sourceTree = "<group>"; };
		19C1F6F01AA073D800022293 /* EMChatManagerBuddyDelegate.h */ = {isa = PBXFileReference; fileEncoding = 4; lastKnownFileType = sourcecode.c.h; path = EMChatManagerBuddyDelegate.h; sourceTree = "<group>"; };
		19C1F6F11AA073D800022293 /* EMChatManagerChatDelegate.h */ = {isa = PBXFileReference; fileEncoding = 4; lastKnownFileType = sourcecode.c.h; path = EMChatManagerChatDelegate.h; sourceTree = "<group>"; };
		19C1F6F21AA073D800022293 /* EMChatManagerDelegate.h */ = {isa = PBXFileReference; fileEncoding = 4; lastKnownFileType = sourcecode.c.h; path = EMChatManagerDelegate.h; sourceTree = "<group>"; };
		19C1F6F31AA073D800022293 /* EMChatManagerDelegateBase.h */ = {isa = PBXFileReference; fileEncoding = 4; lastKnownFileType = sourcecode.c.h; path = EMChatManagerDelegateBase.h; sourceTree = "<group>"; };
		19C1F6F41AA073D800022293 /* EMChatManagerEncryptionDelegate.h */ = {isa = PBXFileReference; fileEncoding = 4; lastKnownFileType = sourcecode.c.h; path = EMChatManagerEncryptionDelegate.h; sourceTree = "<group>"; };
		19C1F6F51AA073D800022293 /* EMChatManagerGroupDelegate.h */ = {isa = PBXFileReference; fileEncoding = 4; lastKnownFileType = sourcecode.c.h; path = EMChatManagerGroupDelegate.h; sourceTree = "<group>"; };
		19C1F6F61AA073D800022293 /* EMChatManagerLoginDelegate.h */ = {isa = PBXFileReference; fileEncoding = 4; lastKnownFileType = sourcecode.c.h; path = EMChatManagerLoginDelegate.h; sourceTree = "<group>"; };
		19C1F6F71AA073D800022293 /* EMChatManagerMediaDelegate.h */ = {isa = PBXFileReference; fileEncoding = 4; lastKnownFileType = sourcecode.c.h; path = EMChatManagerMediaDelegate.h; sourceTree = "<group>"; };
		19C1F6F81AA073D800022293 /* EMChatManagerPushNotificationDelegate.h */ = {isa = PBXFileReference; fileEncoding = 4; lastKnownFileType = sourcecode.c.h; path = EMChatManagerPushNotificationDelegate.h; sourceTree = "<group>"; };
		19C1F6F91AA073D800022293 /* EMChatManagerUtilDelegate.h */ = {isa = PBXFileReference; fileEncoding = 4; lastKnownFileType = sourcecode.c.h; path = EMChatManagerUtilDelegate.h; sourceTree = "<group>"; };
		19C1F6FA1AA073D800022293 /* IChatManager.h */ = {isa = PBXFileReference; fileEncoding = 4; lastKnownFileType = sourcecode.c.h; path = IChatManager.h; sourceTree = "<group>"; };
		19C1F6FC1AA073D800022293 /* IChatManagerBase.h */ = {isa = PBXFileReference; fileEncoding = 4; lastKnownFileType = sourcecode.c.h; path = IChatManagerBase.h; sourceTree = "<group>"; };
		19C1F6FD1AA073D800022293 /* IChatManagerBuddy.h */ = {isa = PBXFileReference; fileEncoding = 4; lastKnownFileType = sourcecode.c.h; path = IChatManagerBuddy.h; sourceTree = "<group>"; };
		19C1F6FE1AA073D800022293 /* IChatManagerChat.h */ = {isa = PBXFileReference; fileEncoding = 4; lastKnownFileType = sourcecode.c.h; path = IChatManagerChat.h; sourceTree = "<group>"; };
		19C1F6FF1AA073D800022293 /* IChatManagerConversation.h */ = {isa = PBXFileReference; fileEncoding = 4; lastKnownFileType = sourcecode.c.h; path = IChatManagerConversation.h; sourceTree = "<group>"; };
		19C1F7001AA073D800022293 /* IChatManagerEncryption.h */ = {isa = PBXFileReference; fileEncoding = 4; lastKnownFileType = sourcecode.c.h; path = IChatManagerEncryption.h; sourceTree = "<group>"; };
		19C1F7011AA073D800022293 /* IChatManagerGroup.h */ = {isa = PBXFileReference; fileEncoding = 4; lastKnownFileType = sourcecode.c.h; path = IChatManagerGroup.h; sourceTree = "<group>"; };
		19C1F7021AA073D800022293 /* IChatManagerLogin.h */ = {isa = PBXFileReference; fileEncoding = 4; lastKnownFileType = sourcecode.c.h; path = IChatManagerLogin.h; sourceTree = "<group>"; };
		19C1F7031AA073D800022293 /* IChatManagerMedia.h */ = {isa = PBXFileReference; fileEncoding = 4; lastKnownFileType = sourcecode.c.h; path = IChatManagerMedia.h; sourceTree = "<group>"; };
		19C1F7041AA073D800022293 /* IChatManagerPushNotification.h */ = {isa = PBXFileReference; fileEncoding = 4; lastKnownFileType = sourcecode.c.h; path = IChatManagerPushNotification.h; sourceTree = "<group>"; };
		19C1F7051AA073D800022293 /* IChatManagerSettingOptions.h */ = {isa = PBXFileReference; fileEncoding = 4; lastKnownFileType = sourcecode.c.h; path = IChatManagerSettingOptions.h; sourceTree = "<group>"; };
		19C1F7061AA073D800022293 /* IChatManagerUtil.h */ = {isa = PBXFileReference; fileEncoding = 4; lastKnownFileType = sourcecode.c.h; path = IChatManagerUtil.h; sourceTree = "<group>"; };
		19C1F7081AA073D800022293 /* EMAnonymousHelper.h */ = {isa = PBXFileReference; fileEncoding = 4; lastKnownFileType = sourcecode.c.h; path = EMAnonymousHelper.h; sourceTree = "<group>"; };
		19C1F7091AA073D800022293 /* EMBuddy.h */ = {isa = PBXFileReference; fileEncoding = 4; lastKnownFileType = sourcecode.c.h; path = EMBuddy.h; sourceTree = "<group>"; };
		19C1F70A1AA073D800022293 /* EMBuddyGroup.h */ = {isa = PBXFileReference; fileEncoding = 4; lastKnownFileType = sourcecode.c.h; path = EMBuddyGroup.h; sourceTree = "<group>"; };
		19C1F70B1AA073D800022293 /* EMChatCommand.h */ = {isa = PBXFileReference; fileEncoding = 4; lastKnownFileType = sourcecode.c.h; path = EMChatCommand.h; sourceTree = "<group>"; };
		19C1F70C1AA073D800022293 /* EMChatFile.h */ = {isa = PBXFileReference; fileEncoding = 4; lastKnownFileType = sourcecode.c.h; path = EMChatFile.h; sourceTree = "<group>"; };
		19C1F70D1AA073D800022293 /* EMChatImage.h */ = {isa = PBXFileReference; fileEncoding = 4; lastKnownFileType = sourcecode.c.h; path = EMChatImage.h; sourceTree = "<group>"; };
		19C1F70E1AA073D800022293 /* EMChatLocation.h */ = {isa = PBXFileReference; fileEncoding = 4; lastKnownFileType = sourcecode.c.h; path = EMChatLocation.h; sourceTree = "<group>"; };
		19C1F70F1AA073D800022293 /* EMChatServiceDefs.h */ = {isa = PBXFileReference; fileEncoding = 4; lastKnownFileType = sourcecode.c.h; path = EMChatServiceDefs.h; sourceTree = "<group>"; };
		19C1F7101AA073D800022293 /* EMChatText.h */ = {isa = PBXFileReference; fileEncoding = 4; lastKnownFileType = sourcecode.c.h; path = EMChatText.h; sourceTree = "<group>"; };
		19C1F7111AA073D800022293 /* EMChatVideo.h */ = {isa = PBXFileReference; fileEncoding = 4; lastKnownFileType = sourcecode.c.h; path = EMChatVideo.h; sourceTree = "<group>"; };
		19C1F7121AA073D800022293 /* EMChatVoice.h */ = {isa = PBXFileReference; fileEncoding = 4; lastKnownFileType = sourcecode.c.h; path = EMChatVoice.h; sourceTree = "<group>"; };
		19C1F7131AA073D800022293 /* EMCommandMessageBody.h */ = {isa = PBXFileReference; fileEncoding = 4; lastKnownFileType = sourcecode.c.h; path = EMCommandMessageBody.h; sourceTree = "<group>"; };
		19C1F7141AA073D800022293 /* EMConversation.h */ = {isa = PBXFileReference; fileEncoding = 4; lastKnownFileType = sourcecode.c.h; path = EMConversation.h; sourceTree = "<group>"; };
		19C1F7151AA073D800022293 /* EMConversationInternal.h */ = {isa = PBXFileReference; fileEncoding = 4; lastKnownFileType = sourcecode.c.h; path = EMConversationInternal.h; sourceTree = "<group>"; };
		19C1F7161AA073D800022293 /* EMFileMessageBody.h */ = {isa = PBXFileReference; fileEncoding = 4; lastKnownFileType = sourcecode.c.h; path = EMFileMessageBody.h; sourceTree = "<group>"; };
		19C1F7171AA073D800022293 /* EMGroup.h */ = {isa = PBXFileReference; fileEncoding = 4; lastKnownFileType = sourcecode.c.h; path = EMGroup.h; sourceTree = "<group>"; };
		19C1F7181AA073D800022293 /* EMGroupOccupant.h */ = {isa = PBXFileReference; fileEncoding = 4; lastKnownFileType = sourcecode.c.h; path = EMGroupOccupant.h; sourceTree = "<group>"; };
		19C1F7191AA073D800022293 /* EMGroupStyleSetting.h */ = {isa = PBXFileReference; fileEncoding = 4; lastKnownFileType = sourcecode.c.h; path = EMGroupStyleSetting.h; sourceTree = "<group>"; };
		19C1F71A1AA073D800022293 /* EMImageMessageBody.h */ = {isa = PBXFileReference; fileEncoding = 4; lastKnownFileType = sourcecode.c.h; path = EMImageMessageBody.h; sourceTree = "<group>"; };
		19C1F71B1AA073D800022293 /* EMLocationMessageBody.h */ = {isa = PBXFileReference; fileEncoding = 4; lastKnownFileType = sourcecode.c.h; path = EMLocationMessageBody.h; sourceTree = "<group>"; };
		19C1F71C1AA073D800022293 /* EMMessage.h */ = {isa = PBXFileReference; fileEncoding = 4; lastKnownFileType = sourcecode.c.h; path = EMMessage.h; sourceTree = "<group>"; };
		19C1F71D1AA073D800022293 /* EMMessageBodyInternal.h */ = {isa = PBXFileReference; fileEncoding = 4; lastKnownFileType = sourcecode.c.h; path = EMMessageBodyInternal.h; sourceTree = "<group>"; };
		19C1F71E1AA073D800022293 /* EMPushNotificationOptions.h */ = {isa = PBXFileReference; fileEncoding = 4; lastKnownFileType = sourcecode.c.h; path = EMPushNotificationOptions.h; sourceTree = "<group>"; };
		19C1F71F1AA073D800022293 /* EMReceipt.h */ = {isa = PBXFileReference; fileEncoding = 4; lastKnownFileType = sourcecode.c.h; path = EMReceipt.h; sourceTree = "<group>"; };
		19C1F7201AA073D800022293 /* EMReceiptBase.h */ = {isa = PBXFileReference; fileEncoding = 4; lastKnownFileType = sourcecode.c.h; path = EMReceiptBase.h; sourceTree = "<group>"; };
		19C1F7211AA073D800022293 /* EMTextMessageBody.h */ = {isa = PBXFileReference; fileEncoding = 4; lastKnownFileType = sourcecode.c.h; path = EMTextMessageBody.h; sourceTree = "<group>"; };
		19C1F7221AA073D800022293 /* EMVideoMessageBody.h */ = {isa = PBXFileReference; fileEncoding = 4; lastKnownFileType = sourcecode.c.h; path = EMVideoMessageBody.h; sourceTree = "<group>"; };
		19C1F7231AA073D800022293 /* EMVoiceMessageBody.h */ = {isa = PBXFileReference; fileEncoding = 4; lastKnownFileType = sourcecode.c.h; path = EMVoiceMessageBody.h; sourceTree = "<group>"; };
		19C1F7241AA073D800022293 /* IChatImageOptions.h */ = {isa = PBXFileReference; fileEncoding = 4; lastKnownFileType = sourcecode.c.h; path = IChatImageOptions.h; sourceTree = "<group>"; };
		19C1F7251AA073D800022293 /* IEMChatCryptor.h */ = {isa = PBXFileReference; fileEncoding = 4; lastKnownFileType = sourcecode.c.h; path = IEMChatCryptor.h; sourceTree = "<group>"; };
		19C1F7261AA073D800022293 /* IEMChatFile.h */ = {isa = PBXFileReference; fileEncoding = 4; lastKnownFileType = sourcecode.c.h; path = IEMChatFile.h; sourceTree = "<group>"; };
		19C1F7271AA073D800022293 /* IEMChatObject.h */ = {isa = PBXFileReference; fileEncoding = 4; lastKnownFileType = sourcecode.c.h; path = IEMChatObject.h; sourceTree = "<group>"; };
		19C1F7281AA073D800022293 /* IEMChatProgressDelegate.h */ = {isa = PBXFileReference; fileEncoding = 4; lastKnownFileType = sourcecode.c.h; path = IEMChatProgressDelegate.h; sourceTree = "<group>"; };
		19C1F7291AA073D800022293 /* IEMFileMessageBody.h */ = {isa = PBXFileReference; fileEncoding = 4; lastKnownFileType = sourcecode.c.h; path = IEMFileMessageBody.h; sourceTree = "<group>"; };
		19C1F72A1AA073D800022293 /* IEMMessageBody.h */ = {isa = PBXFileReference; fileEncoding = 4; lastKnownFileType = sourcecode.c.h; path = IEMMessageBody.h; sourceTree = "<group>"; };
		19C1F72C1AA073D800022293 /* EMSDKFull.h */ = {isa = PBXFileReference; fileEncoding = 4; lastKnownFileType = sourcecode.c.h; path = EMSDKFull.h; sourceTree = "<group>"; };
		19C1F72D1AA073D800022293 /* EMSDKFullHeaders.h */ = {isa = PBXFileReference; fileEncoding = 4; lastKnownFileType = sourcecode.c.h; path = EMSDKFullHeaders.h; sourceTree = "<group>"; };
		19C1F72F1AA073D800022293 /* EaseMob.h */ = {isa = PBXFileReference; fileEncoding = 4; lastKnownFileType = sourcecode.c.h; path = EaseMob.h; sourceTree = "<group>"; };
		19C1F7301AA073D800022293 /* EaseMobHeaders.h */ = {isa = PBXFileReference; fileEncoding = 4; lastKnownFileType = sourcecode.c.h; path = EaseMobHeaders.h; sourceTree = "<group>"; };
		19C1F7321AA073D800022293 /* commonDefs.h */ = {isa = PBXFileReference; fileEncoding = 4; lastKnownFileType = sourcecode.c.h; path = commonDefs.h; sourceTree = "<group>"; };
		19C1F7351AA073D800022293 /* IDeviceManagerDelegate.h */ = {isa = PBXFileReference; fileEncoding = 4; lastKnownFileType = sourcecode.c.h; path = IDeviceManagerDelegate.h; sourceTree = "<group>"; };
		19C1F7371AA073D800022293 /* EMDeviceManagerDelegate.h */ = {isa = PBXFileReference; fileEncoding = 4; lastKnownFileType = sourcecode.c.h; path = EMDeviceManagerDelegate.h; sourceTree = "<group>"; };
		19C1F7381AA073D800022293 /* EMDeviceManagerDelegateBase.h */ = {isa = PBXFileReference; fileEncoding = 4; lastKnownFileType = sourcecode.c.h; path = EMDeviceManagerDelegateBase.h; sourceTree = "<group>"; };
		19C1F7391AA073D800022293 /* EMDeviceManagerLocationDelegate.h */ = {isa = PBXFileReference; fileEncoding = 4; lastKnownFileType = sourcecode.c.h; path = EMDeviceManagerLocationDelegate.h; sourceTree = "<group>"; };
		19C1F73A1AA073D800022293 /* EMDeviceManagerMediaDelegate.h */ = {isa = PBXFileReference; fileEncoding = 4; lastKnownFileType = sourcecode.c.h; path = EMDeviceManagerMediaDelegate.h; sourceTree = "<group>"; };
		19C1F73B1AA073D800022293 /* EMDeviceManagerNetworkDelegate.h */ = {isa = PBXFileReference; fileEncoding = 4; lastKnownFileType = sourcecode.c.h; path = EMDeviceManagerNetworkDelegate.h; sourceTree = "<group>"; };
		19C1F73C1AA073D800022293 /* EMDeviceManagerProximitySensorDelegate.h */ = {isa = PBXFileReference; fileEncoding = 4; lastKnownFileType = sourcecode.c.h; path = EMDeviceManagerProximitySensorDelegate.h; sourceTree = "<group>"; };
		19C1F73D1AA073D800022293 /* EMDeviceManagerDefs.h */ = {isa = PBXFileReference; fileEncoding = 4; lastKnownFileType = sourcecode.c.h; path = EMDeviceManagerDefs.h; sourceTree = "<group>"; };
		19C1F73E1AA073D800022293 /* IDeviceManager.h */ = {isa = PBXFileReference; fileEncoding = 4; lastKnownFileType = sourcecode.c.h; path = IDeviceManager.h; sourceTree = "<group>"; };
		19C1F7401AA073D800022293 /* IDeviceManagerBase.h */ = {isa = PBXFileReference; fileEncoding = 4; lastKnownFileType = sourcecode.c.h; path = IDeviceManagerBase.h; sourceTree = "<group>"; };
		19C1F7411AA073D800022293 /* IDeviceManagerCamera.h */ = {isa = PBXFileReference; fileEncoding = 4; lastKnownFileType = sourcecode.c.h; path = IDeviceManagerCamera.h; sourceTree = "<group>"; };
		19C1F7421AA073D800022293 /* IDeviceManagerDevice.h */ = {isa = PBXFileReference; fileEncoding = 4; lastKnownFileType = sourcecode.c.h; path = IDeviceManagerDevice.h; sourceTree = "<group>"; };
		19C1F7431AA073D800022293 /* IDeviceManagerLocation.h */ = {isa = PBXFileReference; fileEncoding = 4; lastKnownFileType = sourcecode.c.h; path = IDeviceManagerLocation.h; sourceTree = "<group>"; };
		19C1F7441AA073D800022293 /* IDeviceManagerMedia.h */ = {isa = PBXFileReference; fileEncoding = 4; lastKnownFileType = sourcecode.c.h; path = IDeviceManagerMedia.h; sourceTree = "<group>"; };
		19C1F7451AA073D800022293 /* IDeviceManagerProximitySensor.h */ = {isa = PBXFileReference; fileEncoding = 4; lastKnownFileType = sourcecode.c.h; path = IDeviceManagerProximitySensor.h; sourceTree = "<group>"; };
		19C1F7461AA073D800022293 /* EMNetworkMonitorDefs.h */ = {isa = PBXFileReference; fileEncoding = 4; lastKnownFileType = sourcecode.c.h; path = EMNetworkMonitorDefs.h; sourceTree = "<group>"; };
		19C1F7481AA073D800022293 /* EMError.h */ = {isa = PBXFileReference; fileEncoding = 4; lastKnownFileType = sourcecode.c.h; path = EMError.h; sourceTree = "<group>"; };
		19C1F7491AA073D800022293 /* EMErrorDefs.h */ = {isa = PBXFileReference; fileEncoding = 4; lastKnownFileType = sourcecode.c.h; path = EMErrorDefs.h; sourceTree = "<group>"; };
		19C1F74E1AA073D800022293 /* EaseMob.bundle */ = {isa = PBXFileReference; lastKnownFileType = "wrapper.plug-in"; path = EaseMob.bundle; sourceTree = "<group>"; };
		74BE670B1A9F40BA008F7C44 /* OrangeDoctor.app */ = {isa = PBXFileReference; explicitFileType = wrapper.application; includeInIndex = 0; path = OrangeDoctor.app; sourceTree = BUILT_PRODUCTS_DIR; };
		74BE670F1A9F40BA008F7C44 /* Info.plist */ = {isa = PBXFileReference; lastKnownFileType = text.plist.xml; path = Info.plist; sourceTree = "<group>"; };
		74BE67101A9F40BA008F7C44 /* main.m */ = {isa = PBXFileReference; lastKnownFileType = sourcecode.c.objc; path = main.m; sourceTree = "<group>"; };
		74BE67121A9F40BA008F7C44 /* AppDelegate.h */ = {isa = PBXFileReference; lastKnownFileType = sourcecode.c.h; path = AppDelegate.h; sourceTree = "<group>"; };
		74BE67131A9F40BA008F7C44 /* AppDelegate.m */ = {isa = PBXFileReference; lastKnownFileType = sourcecode.c.objc; path = AppDelegate.m; sourceTree = "<group>"; };
		74BE67151A9F40BA008F7C44 /* ViewController.h */ = {isa = PBXFileReference; lastKnownFileType = sourcecode.c.h; path = ViewController.h; sourceTree = "<group>"; };
		74BE67161A9F40BA008F7C44 /* ViewController.m */ = {isa = PBXFileReference; lastKnownFileType = sourcecode.c.objc; path = ViewController.m; sourceTree = "<group>"; };
		74BE67191A9F40BA008F7C44 /* Base */ = {isa = PBXFileReference; lastKnownFileType = file.storyboard; name = Base; path = Base.lproj/Main.storyboard; sourceTree = "<group>"; };
		74BE671B1A9F40BA008F7C44 /* Images.xcassets */ = {isa = PBXFileReference; lastKnownFileType = folder.assetcatalog; path = Images.xcassets; sourceTree = "<group>"; };
		74BE671E1A9F40BA008F7C44 /* Base */ = {isa = PBXFileReference; lastKnownFileType = file.xib; name = Base; path = Base.lproj/LaunchScreen.xib; sourceTree = "<group>"; };
		74BE67241A9F40BB008F7C44 /* OrangeDoctorTests.xctest */ = {isa = PBXFileReference; explicitFileType = wrapper.cfbundle; includeInIndex = 0; path = OrangeDoctorTests.xctest; sourceTree = BUILT_PRODUCTS_DIR; };
		74BE67291A9F40BB008F7C44 /* Info.plist */ = {isa = PBXFileReference; lastKnownFileType = text.plist.xml; path = Info.plist; sourceTree = "<group>"; };
		74BE672A1A9F40BB008F7C44 /* OrangeDoctorTests.m */ = {isa = PBXFileReference; lastKnownFileType = sourcecode.c.objc; path = OrangeDoctorTests.m; sourceTree = "<group>"; };
/* End PBXFileReference section */

/* Begin PBXFrameworksBuildPhase section */
		74BE67081A9F40BA008F7C44 /* Frameworks */ = {
			isa = PBXFrameworksBuildPhase;
			buildActionMask = 2147483647;
			files = (
				197C6CCF1AA5CFA00033A8F7 /* libxml2.dylib in Frameworks */,
				197C6CC71AA5CB3E0033A8F7 /* libz.1.2.5.dylib in Frameworks */,
				197C6CC31AA5CAFA0033A8F7 /* CFNetwork.framework in Frameworks */,
				197C6CC11AA5CAF00033A8F7 /* UIKit.framework in Frameworks */,
				197C6CBF1AA5CAD80033A8F7 /* AVFoundation.framework in Frameworks */,
				197C6CBD1AA5CAB80033A8F7 /* Foundation.framework in Frameworks */,
			);
			runOnlyForDeploymentPostprocessing = 0;
		};
		74BE67211A9F40BB008F7C44 /* Frameworks */ = {
			isa = PBXFrameworksBuildPhase;
			buildActionMask = 2147483647;
			files = (
			);
			runOnlyForDeploymentPostprocessing = 0;
		};
/* End PBXFrameworksBuildPhase section */

/* Begin PBXGroup section */
		197C6C531AA5C8710033A8F7 /* HttpEngine */ = {
			isa = PBXGroup;
			children = (
				197C6C541AA5C8710033A8F7 /* HttpEngine.h */,
				197C6C551AA5C8710033A8F7 /* HttpEngine.m */,
				197C6C561AA5C8710033A8F7 /* Model */,
				197C6C591AA5C8710033A8F7 /* NetWorkService.h */,
				197C6C5A1AA5C8710033A8F7 /* NetWorkService.m */,
				197C6C5B1AA5C8710033A8F7 /* OP */,
			);
			name = HttpEngine;
			path = OrangeDoctor/HttpEngine;
			sourceTree = "<group>";
		};
		197C6C561AA5C8710033A8F7 /* Model */ = {
			isa = PBXGroup;
			children = (
				197C6CB51AA5CA1E0033A8F7 /* UIModelCoding.h */,
				197C6CB61AA5CA1E0033A8F7 /* UIModelCoding.m */,
				197C6C571AA5C8710033A8F7 /* AsiGetRequestModel.h */,
				197C6C581AA5C8710033A8F7 /* AsiGetRequestModel.m */,
			);
			path = Model;
			sourceTree = "<group>";
		};
		197C6C5B1AA5C8710033A8F7 /* OP */ = {
			isa = PBXGroup;
			children = (
				197C6CC81AA5CCFC0033A8F7 /* Operation.h */,
				197C6CC91AA5CCFC0033A8F7 /* Operation.m */,
				197C6C5C1AA5C8710033A8F7 /* FormDataRequest.h */,
				197C6C5D1AA5C8710033A8F7 /* FormDataRequest.m */,
				197C6C5E1AA5C8710033A8F7 /* HTTPRequest.h */,
				197C6C5F1AA5C8710033A8F7 /* HTTPRequest.m */,
			);
			path = OP;
			sourceTree = "<group>";
		};
		197C6C651AA5C9810033A8F7 /* ASIHttpRequest */ = {
			isa = PBXGroup;
			children = (
				197C6C661AA5C9810033A8F7 /* ASIAuthenticationDialog.h */,
				197C6C671AA5C9810033A8F7 /* ASIAuthenticationDialog.m */,
				197C6C681AA5C9810033A8F7 /* ASICacheDelegate.h */,
				197C6C691AA5C9810033A8F7 /* ASIDataCompressor.h */,
				197C6C6A1AA5C9810033A8F7 /* ASIDataCompressor.m */,
				197C6C6B1AA5C9810033A8F7 /* ASIDataDecompressor.h */,
				197C6C6C1AA5C9810033A8F7 /* ASIDataDecompressor.m */,
				197C6C6D1AA5C9810033A8F7 /* ASIDownloadCache.h */,
				197C6C6E1AA5C9810033A8F7 /* ASIDownloadCache.m */,
				197C6C6F1AA5C9810033A8F7 /* ASIFormDataRequest.h */,
				197C6C701AA5C9810033A8F7 /* ASIFormDataRequest.m */,
				197C6C711AA5C9810033A8F7 /* ASIHTTPRequest.h */,
				197C6C721AA5C9810033A8F7 /* ASIHTTPRequest.m */,
				197C6C731AA5C9810033A8F7 /* ASIHTTPRequestConfig.h */,
				197C6C741AA5C9810033A8F7 /* ASIHTTPRequestDelegate.h */,
				197C6C751AA5C9810033A8F7 /* ASIInputStream.h */,
				197C6C761AA5C9810033A8F7 /* ASIInputStream.m */,
				197C6C771AA5C9810033A8F7 /* ASINetworkQueue.h */,
				197C6C781AA5C9810033A8F7 /* ASINetworkQueue.m */,
				197C6C791AA5C9810033A8F7 /* ASIProgressDelegate.h */,
				197C6C7A1AA5C9810033A8F7 /* ASIWebPageRequest */,
				197C6C7D1AA5C9810033A8F7 /* CloudFiles */,
				197C6C8C1AA5C9810033A8F7 /* S3 */,
				197C6C9A1AA5C9810033A8F7 /* Tests */,
			);
			path = ASIHttpRequest;
			sourceTree = "<group>";
		};
		197C6C7A1AA5C9810033A8F7 /* ASIWebPageRequest */ = {
			isa = PBXGroup;
			children = (
				197C6C7B1AA5C9810033A8F7 /* ASIWebPageRequest.h */,
				197C6C7C1AA5C9810033A8F7 /* ASIWebPageRequest.m */,
			);
			path = ASIWebPageRequest;
			sourceTree = "<group>";
		};
		197C6C7D1AA5C9810033A8F7 /* CloudFiles */ = {
			isa = PBXGroup;
			children = (
				197C6C7E1AA5C9810033A8F7 /* ASICloudFilesCDNRequest.h */,
				197C6C7F1AA5C9810033A8F7 /* ASICloudFilesCDNRequest.m */,
				197C6C801AA5C9810033A8F7 /* ASICloudFilesContainer.h */,
				197C6C811AA5C9810033A8F7 /* ASICloudFilesContainer.m */,
				197C6C821AA5C9810033A8F7 /* ASICloudFilesContainerRequest.h */,
				197C6C831AA5C9810033A8F7 /* ASICloudFilesContainerRequest.m */,
				197C6C841AA5C9810033A8F7 /* ASICloudFilesContainerXMLParserDelegate.h */,
				197C6C851AA5C9810033A8F7 /* ASICloudFilesContainerXMLParserDelegate.m */,
				197C6C861AA5C9810033A8F7 /* ASICloudFilesObject.h */,
				197C6C871AA5C9810033A8F7 /* ASICloudFilesObject.m */,
				197C6C881AA5C9810033A8F7 /* ASICloudFilesObjectRequest.h */,
				197C6C891AA5C9810033A8F7 /* ASICloudFilesObjectRequest.m */,
				197C6C8A1AA5C9810033A8F7 /* ASICloudFilesRequest.h */,
				197C6C8B1AA5C9810033A8F7 /* ASICloudFilesRequest.m */,
			);
			path = CloudFiles;
			sourceTree = "<group>";
		};
		197C6C8C1AA5C9810033A8F7 /* S3 */ = {
			isa = PBXGroup;
			children = (
				197C6C8D1AA5C9810033A8F7 /* ASINSXMLParserCompat.h */,
				197C6C8E1AA5C9810033A8F7 /* ASIS3Bucket.h */,
				197C6C8F1AA5C9810033A8F7 /* ASIS3Bucket.m */,
				197C6C901AA5C9810033A8F7 /* ASIS3BucketObject.h */,
				197C6C911AA5C9810033A8F7 /* ASIS3BucketObject.m */,
				197C6C921AA5C9810033A8F7 /* ASIS3BucketRequest.h */,
				197C6C931AA5C9810033A8F7 /* ASIS3BucketRequest.m */,
				197C6C941AA5C9810033A8F7 /* ASIS3ObjectRequest.h */,
				197C6C951AA5C9810033A8F7 /* ASIS3ObjectRequest.m */,
				197C6C961AA5C9810033A8F7 /* ASIS3Request.h */,
				197C6C971AA5C9810033A8F7 /* ASIS3Request.m */,
				197C6C981AA5C9810033A8F7 /* ASIS3ServiceRequest.h */,
				197C6C991AA5C9810033A8F7 /* ASIS3ServiceRequest.m */,
			);
			path = S3;
			sourceTree = "<group>";
		};
		197C6C9A1AA5C9810033A8F7 /* Tests */ = {
			isa = PBXGroup;
			children = (
			);
			path = Tests;
			sourceTree = "<group>";
		};
		197C6C9B1AA5C9810033A8F7 /* JSON */ = {
			isa = PBXGroup;
			children = (
				197C6C9C1AA5C9810033A8F7 /* JSONKit.h */,
				197C6C9D1AA5C9810033A8F7 /* JSONKit.m */,
			);
			path = JSON;
			sourceTree = "<group>";
		};
		197C6CB81AA5CA6F0033A8F7 /* UI */ = {
			isa = PBXGroup;
			children = (
				197C6CB91AA5CA860033A8F7 /* UIManagement.h */,
				197C6CBA1AA5CA860033A8F7 /* UIManagement.m */,
			);
			path = UI;
			sourceTree = "<group>";
		};
		197C6CCB1AA5CDE50033A8F7 /* Reachability */ = {
			isa = PBXGroup;
			children = (
				197C6CCC1AA5CDE50033A8F7 /* Reachability.h */,
				197C6CCD1AA5CDE50033A8F7 /* Reachability.m */,
			);
			path = Reachability;
			sourceTree = "<group>";
		};
		19C1F6CF1AA073D800022293 /* FrameWork */ = {
			isa = PBXGroup;
			children = (
				197C6CC61AA5CB3E0033A8F7 /* libz.1.2.5.dylib */,
				197C6CC41AA5CB310033A8F7 /* libxml2.dylib */,
				197C6CC21AA5CAFA0033A8F7 /* CFNetwork.framework */,
				197C6CC01AA5CAF00033A8F7 /* UIKit.framework */,
				197C6CBE1AA5CAD80033A8F7 /* AVFoundation.framework */,
				197C6CBC1AA5CAB80033A8F7 /* Foundation.framework */,
				197C6C651AA5C9810033A8F7 /* ASIHttpRequest */,
				197C6C9B1AA5C9810033A8F7 /* JSON */,
				19C1F6D01AA073D800022293 /* EaseMobSDK */,
				197C6CCB1AA5CDE50033A8F7 /* Reachability */,
			);
			name = FrameWork;
			path = OrangeDoctor/FrameWork;
			sourceTree = "<group>";
		};
		19C1F6D01AA073D800022293 /* EaseMobSDK */ = {
			isa = PBXGroup;
			children = (
				19C1F6D11AA073D800022293 /* include */,
				19C1F74A1AA073D800022293 /* lib */,
				19C1F74D1AA073D800022293 /* resources */,
			);
			path = EaseMobSDK;
			sourceTree = "<group>";
		};
		19C1F6D11AA073D800022293 /* include */ = {
			isa = PBXGroup;
			children = (
				19C1F6D21AA073D800022293 /* CallService */,
				19C1F6EB1AA073D800022293 /* ChatService */,
				19C1F72B1AA073D800022293 /* EaseMobClientSDK */,
				19C1F72E1AA073D800022293 /* EaseMobClientSDKLite */,
				19C1F7311AA073D800022293 /* Utility */,
			);
			path = include;
			sourceTree = "<group>";
		};
		19C1F6D21AA073D800022293 /* CallService */ = {
			isa = PBXGroup;
			children = (
				19C1F6D31AA073D800022293 /* EMCallManager */,
			);
			path = CallService;
			sourceTree = "<group>";
		};
		19C1F6D31AA073D800022293 /* EMCallManager */ = {
			isa = PBXGroup;
			children = (
				19C1F6D41AA073D800022293 /* delegates */,
				19C1F6DB1AA073D800022293 /* ICallManager.h */,
				19C1F6DC1AA073D800022293 /* internal */,
				19C1F6E31AA073D800022293 /* types */,
			);
			path = EMCallManager;
			sourceTree = "<group>";
		};
		19C1F6D41AA073D800022293 /* delegates */ = {
			isa = PBXGroup;
			children = (
				19C1F6D51AA073D800022293 /* ICallManagerDelegate.h */,
				19C1F6D61AA073D800022293 /* internal */,
			);
			path = delegates;
			sourceTree = "<group>";
		};
		19C1F6D61AA073D800022293 /* internal */ = {
			isa = PBXGroup;
			children = (
				19C1F6D71AA073D800022293 /* EMCallManagerCallDelegate.h */,
				19C1F6D81AA073D800022293 /* EMCallManagerDelegate.h */,
				19C1F6D91AA073D800022293 /* EMCallManagerDelegateBase.h */,
				19C1F6DA1AA073D800022293 /* EMCallSessionDelegate.h */,
			);
			path = internal;
			sourceTree = "<group>";
		};
		19C1F6DC1AA073D800022293 /* internal */ = {
			isa = PBXGroup;
			children = (
				19C1F6DD1AA073D800022293 /* ICallManagerAddressbook.h */,
				19C1F6DE1AA073D800022293 /* ICallManagerBase.h */,
				19C1F6DF1AA073D800022293 /* ICallManagerCall.h */,
				19C1F6E01AA073D800022293 /* ICallManagerHistory.h */,
				19C1F6E11AA073D800022293 /* ICallManagerUtil.h */,
				19C1F6E21AA073D800022293 /* ICallSessionStatistics.h */,
			);
			path = internal;
			sourceTree = "<group>";
		};
		19C1F6E31AA073D800022293 /* types */ = {
			isa = PBXGroup;
			children = (
				19C1F6E41AA073D800022293 /* EMCallInfo.h */,
				19C1F6E51AA073D800022293 /* EMCallLog.h */,
				19C1F6E61AA073D800022293 /* EMCallPeer.h */,
				19C1F6E71AA073D800022293 /* EMCallServiceDefs.h */,
				19C1F6E81AA073D800022293 /* EMCallSession.h */,
				19C1F6E91AA073D800022293 /* EMCallSessionStatistics.h */,
				19C1F6EA1AA073D800022293 /* IAddressbook.h */,
			);
			path = types;
			sourceTree = "<group>";
		};
		19C1F6EB1AA073D800022293 /* ChatService */ = {
			isa = PBXGroup;
			children = (
				19C1F6EC1AA073D800022293 /* EMChatManager */,
			);
			path = ChatService;
			sourceTree = "<group>";
		};
		19C1F6EC1AA073D800022293 /* EMChatManager */ = {
			isa = PBXGroup;
			children = (
				19C1F6ED1AA073D800022293 /* delegates */,
				19C1F6FA1AA073D800022293 /* IChatManager.h */,
				19C1F6FB1AA073D800022293 /* internal */,
				19C1F7071AA073D800022293 /* types */,
			);
			path = EMChatManager;
			sourceTree = "<group>";
		};
		19C1F6ED1AA073D800022293 /* delegates */ = {
			isa = PBXGroup;
			children = (
				19C1F6EE1AA073D800022293 /* IChatManagerDelegate.h */,
				19C1F6EF1AA073D800022293 /* internal */,
			);
			path = delegates;
			sourceTree = "<group>";
		};
		19C1F6EF1AA073D800022293 /* internal */ = {
			isa = PBXGroup;
			children = (
				19C1F6F01AA073D800022293 /* EMChatManagerBuddyDelegate.h */,
				19C1F6F11AA073D800022293 /* EMChatManagerChatDelegate.h */,
				19C1F6F21AA073D800022293 /* EMChatManagerDelegate.h */,
				19C1F6F31AA073D800022293 /* EMChatManagerDelegateBase.h */,
				19C1F6F41AA073D800022293 /* EMChatManagerEncryptionDelegate.h */,
				19C1F6F51AA073D800022293 /* EMChatManagerGroupDelegate.h */,
				19C1F6F61AA073D800022293 /* EMChatManagerLoginDelegate.h */,
				19C1F6F71AA073D800022293 /* EMChatManagerMediaDelegate.h */,
				19C1F6F81AA073D800022293 /* EMChatManagerPushNotificationDelegate.h */,
				19C1F6F91AA073D800022293 /* EMChatManagerUtilDelegate.h */,
			);
			path = internal;
			sourceTree = "<group>";
		};
		19C1F6FB1AA073D800022293 /* internal */ = {
			isa = PBXGroup;
			children = (
				19C1F6FC1AA073D800022293 /* IChatManagerBase.h */,
				19C1F6FD1AA073D800022293 /* IChatManagerBuddy.h */,
				19C1F6FE1AA073D800022293 /* IChatManagerChat.h */,
				19C1F6FF1AA073D800022293 /* IChatManagerConversation.h */,
				19C1F7001AA073D800022293 /* IChatManagerEncryption.h */,
				19C1F7011AA073D800022293 /* IChatManagerGroup.h */,
				19C1F7021AA073D800022293 /* IChatManagerLogin.h */,
				19C1F7031AA073D800022293 /* IChatManagerMedia.h */,
				19C1F7041AA073D800022293 /* IChatManagerPushNotification.h */,
				19C1F7051AA073D800022293 /* IChatManagerSettingOptions.h */,
				19C1F7061AA073D800022293 /* IChatManagerUtil.h */,
			);
			path = internal;
			sourceTree = "<group>";
		};
		19C1F7071AA073D800022293 /* types */ = {
			isa = PBXGroup;
			children = (
				19C1F7081AA073D800022293 /* EMAnonymousHelper.h */,
				19C1F7091AA073D800022293 /* EMBuddy.h */,
				19C1F70A1AA073D800022293 /* EMBuddyGroup.h */,
				19C1F70B1AA073D800022293 /* EMChatCommand.h */,
				19C1F70C1AA073D800022293 /* EMChatFile.h */,
				19C1F70D1AA073D800022293 /* EMChatImage.h */,
				19C1F70E1AA073D800022293 /* EMChatLocation.h */,
				19C1F70F1AA073D800022293 /* EMChatServiceDefs.h */,
				19C1F7101AA073D800022293 /* EMChatText.h */,
				19C1F7111AA073D800022293 /* EMChatVideo.h */,
				19C1F7121AA073D800022293 /* EMChatVoice.h */,
				19C1F7131AA073D800022293 /* EMCommandMessageBody.h */,
				19C1F7141AA073D800022293 /* EMConversation.h */,
				19C1F7151AA073D800022293 /* EMConversationInternal.h */,
				19C1F7161AA073D800022293 /* EMFileMessageBody.h */,
				19C1F7171AA073D800022293 /* EMGroup.h */,
				19C1F7181AA073D800022293 /* EMGroupOccupant.h */,
				19C1F7191AA073D800022293 /* EMGroupStyleSetting.h */,
				19C1F71A1AA073D800022293 /* EMImageMessageBody.h */,
				19C1F71B1AA073D800022293 /* EMLocationMessageBody.h */,
				19C1F71C1AA073D800022293 /* EMMessage.h */,
				19C1F71D1AA073D800022293 /* EMMessageBodyInternal.h */,
				19C1F71E1AA073D800022293 /* EMPushNotificationOptions.h */,
				19C1F71F1AA073D800022293 /* EMReceipt.h */,
				19C1F7201AA073D800022293 /* EMReceiptBase.h */,
				19C1F7211AA073D800022293 /* EMTextMessageBody.h */,
				19C1F7221AA073D800022293 /* EMVideoMessageBody.h */,
				19C1F7231AA073D800022293 /* EMVoiceMessageBody.h */,
				19C1F7241AA073D800022293 /* IChatImageOptions.h */,
				19C1F7251AA073D800022293 /* IEMChatCryptor.h */,
				19C1F7261AA073D800022293 /* IEMChatFile.h */,
				19C1F7271AA073D800022293 /* IEMChatObject.h */,
				19C1F7281AA073D800022293 /* IEMChatProgressDelegate.h */,
				19C1F7291AA073D800022293 /* IEMFileMessageBody.h */,
				19C1F72A1AA073D800022293 /* IEMMessageBody.h */,
			);
			path = types;
			sourceTree = "<group>";
		};
		19C1F72B1AA073D800022293 /* EaseMobClientSDK */ = {
			isa = PBXGroup;
			children = (
				19C1F72C1AA073D800022293 /* EMSDKFull.h */,
				19C1F72D1AA073D800022293 /* EMSDKFullHeaders.h */,
			);
			path = EaseMobClientSDK;
			sourceTree = "<group>";
		};
		19C1F72E1AA073D800022293 /* EaseMobClientSDKLite */ = {
			isa = PBXGroup;
			children = (
				19C1F72F1AA073D800022293 /* EaseMob.h */,
				19C1F7301AA073D800022293 /* EaseMobHeaders.h */,
			);
			path = EaseMobClientSDKLite;
			sourceTree = "<group>";
		};
		19C1F7311AA073D800022293 /* Utility */ = {
			isa = PBXGroup;
			children = (
				19C1F7321AA073D800022293 /* commonDefs.h */,
				19C1F7331AA073D800022293 /* EMDeviceManager */,
				19C1F7461AA073D800022293 /* EMNetworkMonitorDefs.h */,
				19C1F7471AA073D800022293 /* ErrorManager */,
			);
			path = Utility;
			sourceTree = "<group>";
		};
		19C1F7331AA073D800022293 /* EMDeviceManager */ = {
			isa = PBXGroup;
			children = (
				19C1F7341AA073D800022293 /* delegates */,
				19C1F73D1AA073D800022293 /* EMDeviceManagerDefs.h */,
				19C1F73E1AA073D800022293 /* IDeviceManager.h */,
				19C1F73F1AA073D800022293 /* internal */,
			);
			path = EMDeviceManager;
			sourceTree = "<group>";
		};
		19C1F7341AA073D800022293 /* delegates */ = {
			isa = PBXGroup;
			children = (
				19C1F7351AA073D800022293 /* IDeviceManagerDelegate.h */,
				19C1F7361AA073D800022293 /* internal */,
			);
			path = delegates;
			sourceTree = "<group>";
		};
		19C1F7361AA073D800022293 /* internal */ = {
			isa = PBXGroup;
			children = (
				19C1F7371AA073D800022293 /* EMDeviceManagerDelegate.h */,
				19C1F7381AA073D800022293 /* EMDeviceManagerDelegateBase.h */,
				19C1F7391AA073D800022293 /* EMDeviceManagerLocationDelegate.h */,
				19C1F73A1AA073D800022293 /* EMDeviceManagerMediaDelegate.h */,
				19C1F73B1AA073D800022293 /* EMDeviceManagerNetworkDelegate.h */,
				19C1F73C1AA073D800022293 /* EMDeviceManagerProximitySensorDelegate.h */,
			);
			path = internal;
			sourceTree = "<group>";
		};
		19C1F73F1AA073D800022293 /* internal */ = {
			isa = PBXGroup;
			children = (
				19C1F7401AA073D800022293 /* IDeviceManagerBase.h */,
				19C1F7411AA073D800022293 /* IDeviceManagerCamera.h */,
				19C1F7421AA073D800022293 /* IDeviceManagerDevice.h */,
				19C1F7431AA073D800022293 /* IDeviceManagerLocation.h */,
				19C1F7441AA073D800022293 /* IDeviceManagerMedia.h */,
				19C1F7451AA073D800022293 /* IDeviceManagerProximitySensor.h */,
			);
			path = internal;
			sourceTree = "<group>";
		};
		19C1F7471AA073D800022293 /* ErrorManager */ = {
			isa = PBXGroup;
			children = (
				19C1F7481AA073D800022293 /* EMError.h */,
				19C1F7491AA073D800022293 /* EMErrorDefs.h */,
			);
			path = ErrorManager;
			sourceTree = "<group>";
		};
		19C1F74A1AA073D800022293 /* lib */ = {
			isa = PBXGroup;
			children = (
			);
			path = lib;
			sourceTree = "<group>";
		};
		19C1F74D1AA073D800022293 /* resources */ = {
			isa = PBXGroup;
			children = (
				19C1F74E1AA073D800022293 /* EaseMob.bundle */,
			);
			path = resources;
			sourceTree = "<group>";
		};
		74BE67021A9F40BA008F7C44 = {
			isa = PBXGroup;
			children = (
				197C6C531AA5C8710033A8F7 /* HttpEngine */,
				19C1F6CF1AA073D800022293 /* FrameWork */,
				74BE670D1A9F40BA008F7C44 /* OrangeDoctor */,
				74BE67271A9F40BB008F7C44 /* OrangeDoctorTests */,
				74BE670C1A9F40BA008F7C44 /* Products */,
			);
			sourceTree = "<group>";
		};
		74BE670C1A9F40BA008F7C44 /* Products */ = {
			isa = PBXGroup;
			children = (
				74BE670B1A9F40BA008F7C44 /* OrangeDoctor.app */,
				74BE67241A9F40BB008F7C44 /* OrangeDoctorTests.xctest */,
			);
			name = Products;
			sourceTree = "<group>";
		};
		74BE670D1A9F40BA008F7C44 /* OrangeDoctor */ = {
			isa = PBXGroup;
			children = (
				197C6CB81AA5CA6F0033A8F7 /* UI */,
				74BE67121A9F40BA008F7C44 /* AppDelegate.h */,
				74BE67131A9F40BA008F7C44 /* AppDelegate.m */,
				74BE67151A9F40BA008F7C44 /* ViewController.h */,
				74BE67161A9F40BA008F7C44 /* ViewController.m */,
				74BE67181A9F40BA008F7C44 /* Main.storyboard */,
				74BE671B1A9F40BA008F7C44 /* Images.xcassets */,
				74BE671D1A9F40BA008F7C44 /* LaunchScreen.xib */,
				74BE670E1A9F40BA008F7C44 /* Supporting Files */,
			);
			path = OrangeDoctor;
			sourceTree = "<group>";
		};
		74BE670E1A9F40BA008F7C44 /* Supporting Files */ = {
			isa = PBXGroup;
			children = (
				74BE670F1A9F40BA008F7C44 /* Info.plist */,
				74BE67101A9F40BA008F7C44 /* main.m */,
			);
			name = "Supporting Files";
			sourceTree = "<group>";
		};
		74BE67271A9F40BB008F7C44 /* OrangeDoctorTests */ = {
			isa = PBXGroup;
			children = (
				74BE672A1A9F40BB008F7C44 /* OrangeDoctorTests.m */,
				74BE67281A9F40BB008F7C44 /* Supporting Files */,
			);
			path = OrangeDoctorTests;
			sourceTree = "<group>";
		};
		74BE67281A9F40BB008F7C44 /* Supporting Files */ = {
			isa = PBXGroup;
			children = (
				74BE67291A9F40BB008F7C44 /* Info.plist */,
			);
			name = "Supporting Files";
			sourceTree = "<group>";
		};
/* End PBXGroup section */

/* Begin PBXNativeTarget section */
		74BE670A1A9F40BA008F7C44 /* OrangeDoctor */ = {
			isa = PBXNativeTarget;
			buildConfigurationList = 74BE672E1A9F40BB008F7C44 /* Build configuration list for PBXNativeTarget "OrangeDoctor" */;
			buildPhases = (
				74BE67071A9F40BA008F7C44 /* Sources */,
				74BE67081A9F40BA008F7C44 /* Frameworks */,
				74BE67091A9F40BA008F7C44 /* Resources */,
			);
			buildRules = (
			);
			dependencies = (
			);
			name = OrangeDoctor;
			productName = OrangeDoctor;
			productReference = 74BE670B1A9F40BA008F7C44 /* OrangeDoctor.app */;
			productType = "com.apple.product-type.application";
		};
		74BE67231A9F40BB008F7C44 /* OrangeDoctorTests */ = {
			isa = PBXNativeTarget;
			buildConfigurationList = 74BE67311A9F40BB008F7C44 /* Build configuration list for PBXNativeTarget "OrangeDoctorTests" */;
			buildPhases = (
				74BE67201A9F40BB008F7C44 /* Sources */,
				74BE67211A9F40BB008F7C44 /* Frameworks */,
				74BE67221A9F40BB008F7C44 /* Resources */,
			);
			buildRules = (
			);
			dependencies = (
				74BE67261A9F40BB008F7C44 /* PBXTargetDependency */,
			);
			name = OrangeDoctorTests;
			productName = OrangeDoctorTests;
			productReference = 74BE67241A9F40BB008F7C44 /* OrangeDoctorTests.xctest */;
			productType = "com.apple.product-type.bundle.unit-test";
		};
/* End PBXNativeTarget section */

/* Begin PBXProject section */
		74BE67031A9F40BA008F7C44 /* Project object */ = {
			isa = PBXProject;
			attributes = {
				LastUpgradeCheck = 0610;
				ORGANIZATIONNAME = Orange;
				TargetAttributes = {
					74BE670A1A9F40BA008F7C44 = {
						CreatedOnToolsVersion = 6.1.1;
					};
					74BE67231A9F40BB008F7C44 = {
						CreatedOnToolsVersion = 6.1.1;
						TestTargetID = 74BE670A1A9F40BA008F7C44;
					};
				};
			};
			buildConfigurationList = 74BE67061A9F40BA008F7C44 /* Build configuration list for PBXProject "OrangeDoctor" */;
			compatibilityVersion = "Xcode 3.2";
			developmentRegion = English;
			hasScannedForEncodings = 0;
			knownRegions = (
				en,
				Base,
			);
			mainGroup = 74BE67021A9F40BA008F7C44;
			productRefGroup = 74BE670C1A9F40BA008F7C44 /* Products */;
			projectDirPath = "";
			projectRoot = "";
			targets = (
				74BE670A1A9F40BA008F7C44 /* OrangeDoctor */,
				74BE67231A9F40BB008F7C44 /* OrangeDoctorTests */,
			);
		};
/* End PBXProject section */

/* Begin PBXResourcesBuildPhase section */
		74BE67091A9F40BA008F7C44 /* Resources */ = {
			isa = PBXResourcesBuildPhase;
			buildActionMask = 2147483647;
			files = (
				74BE671A1A9F40BA008F7C44 /* Main.storyboard in Resources */,
				74BE671F1A9F40BA008F7C44 /* LaunchScreen.xib in Resources */,
				19C1F7511AA073D900022293 /* EaseMob.bundle in Resources */,
				74BE671C1A9F40BA008F7C44 /* Images.xcassets in Resources */,
			);
			runOnlyForDeploymentPostprocessing = 0;
		};
		74BE67221A9F40BB008F7C44 /* Resources */ = {
			isa = PBXResourcesBuildPhase;
			buildActionMask = 2147483647;
			files = (
			);
			runOnlyForDeploymentPostprocessing = 0;
		};
/* End PBXResourcesBuildPhase section */

/* Begin PBXSourcesBuildPhase section */
		74BE67071A9F40BA008F7C44 /* Sources */ = {
			isa = PBXSourcesBuildPhase;
			buildActionMask = 2147483647;
			files = (
				197C6C9F1AA5C9810033A8F7 /* ASIDataCompressor.m in Sources */,
				197C6CB21AA5C9810033A8F7 /* ASIS3Request.m in Sources */,
				197C6CA61AA5C9810033A8F7 /* ASIWebPageRequest.m in Sources */,
				197C6CAE1AA5C9810033A8F7 /* ASIS3Bucket.m in Sources */,
				197C6CB41AA5C9810033A8F7 /* JSONKit.m in Sources */,
				74BE67171A9F40BA008F7C44 /* ViewController.m in Sources */,
				197C6CAF1AA5C9810033A8F7 /* ASIS3BucketObject.m in Sources */,
				197C6CA21AA5C9810033A8F7 /* ASIFormDataRequest.m in Sources */,
				197C6CA11AA5C9810033A8F7 /* ASIDownloadCache.m in Sources */,
				197C6C641AA5C8710033A8F7 /* HTTPRequest.m in Sources */,
				197C6CBB1AA5CA860033A8F7 /* UIManagement.m in Sources */,
				197C6C611AA5C8710033A8F7 /* AsiGetRequestModel.m in Sources */,
				197C6C621AA5C8710033A8F7 /* NetWorkService.m in Sources */,
				197C6C9E1AA5C9810033A8F7 /* ASIAuthenticationDialog.m in Sources */,
				197C6CB71AA5CA1E0033A8F7 /* UIModelCoding.m in Sources */,
				197C6CAD1AA5C9810033A8F7 /* ASICloudFilesRequest.m in Sources */,
				197C6CA51AA5C9810033A8F7 /* ASINetworkQueue.m in Sources */,
				197C6CA81AA5C9810033A8F7 /* ASICloudFilesContainer.m in Sources */,
				197C6CB01AA5C9810033A8F7 /* ASIS3BucketRequest.m in Sources */,
				197C6C601AA5C8710033A8F7 /* HttpEngine.m in Sources */,
				197C6CA71AA5C9810033A8F7 /* ASICloudFilesCDNRequest.m in Sources */,
				74BE67141A9F40BA008F7C44 /* AppDelegate.m in Sources */,
				197C6CAA1AA5C9810033A8F7 /* ASICloudFilesContainerXMLParserDelegate.m in Sources */,
				197C6CA01AA5C9810033A8F7 /* ASIDataDecompressor.m in Sources */,
				197C6CCE1AA5CDE50033A8F7 /* Reachability.m in Sources */,
				197C6CA41AA5C9810033A8F7 /* ASIInputStream.m in Sources */,
				197C6CAC1AA5C9810033A8F7 /* ASICloudFilesObjectRequest.m in Sources */,
				197C6CB11AA5C9810033A8F7 /* ASIS3ObjectRequest.m in Sources */,
				197C6CA31AA5C9810033A8F7 /* ASIHTTPRequest.m in Sources */,
				197C6CAB1AA5C9810033A8F7 /* ASICloudFilesObject.m in Sources */,
				197C6CA91AA5C9810033A8F7 /* ASICloudFilesContainerRequest.m in Sources */,
				197C6CB31AA5C9810033A8F7 /* ASIS3ServiceRequest.m in Sources */,
				74BE67111A9F40BA008F7C44 /* main.m in Sources */,
				197C6C631AA5C8710033A8F7 /* FormDataRequest.m in Sources */,
				197C6CCA1AA5CCFC0033A8F7 /* Operation.m in Sources */,
			);
			runOnlyForDeploymentPostprocessing = 0;
		};
		74BE67201A9F40BB008F7C44 /* Sources */ = {
			isa = PBXSourcesBuildPhase;
			buildActionMask = 2147483647;
			files = (
				74BE672B1A9F40BB008F7C44 /* OrangeDoctorTests.m in Sources */,
			);
			runOnlyForDeploymentPostprocessing = 0;
		};
/* End PBXSourcesBuildPhase section */

/* Begin PBXTargetDependency section */
		74BE67261A9F40BB008F7C44 /* PBXTargetDependency */ = {
			isa = PBXTargetDependency;
			target = 74BE670A1A9F40BA008F7C44 /* OrangeDoctor */;
			targetProxy = 74BE67251A9F40BB008F7C44 /* PBXContainerItemProxy */;
		};
/* End PBXTargetDependency section */

/* Begin PBXVariantGroup section */
		74BE67181A9F40BA008F7C44 /* Main.storyboard */ = {
			isa = PBXVariantGroup;
			children = (
				74BE67191A9F40BA008F7C44 /* Base */,
			);
			name = Main.storyboard;
			sourceTree = "<group>";
		};
		74BE671D1A9F40BA008F7C44 /* LaunchScreen.xib */ = {
			isa = PBXVariantGroup;
			children = (
				74BE671E1A9F40BA008F7C44 /* Base */,
			);
			name = LaunchScreen.xib;
			sourceTree = "<group>";
		};
/* End PBXVariantGroup section */

/* Begin XCBuildConfiguration section */
		74BE672C1A9F40BB008F7C44 /* Debug */ = {
			isa = XCBuildConfiguration;
			buildSettings = {
				ALWAYS_SEARCH_USER_PATHS = NO;
				CLANG_CXX_LANGUAGE_STANDARD = "gnu++0x";
				CLANG_CXX_LIBRARY = "libc++";
				CLANG_ENABLE_MODULES = YES;
				CLANG_ENABLE_OBJC_ARC = YES;
				CLANG_WARN_BOOL_CONVERSION = YES;
				CLANG_WARN_CONSTANT_CONVERSION = YES;
				CLANG_WARN_DIRECT_OBJC_ISA_USAGE = YES_ERROR;
				CLANG_WARN_EMPTY_BODY = YES;
				CLANG_WARN_ENUM_CONVERSION = YES;
				CLANG_WARN_INT_CONVERSION = YES;
				CLANG_WARN_OBJC_ROOT_CLASS = YES_ERROR;
				CLANG_WARN_UNREACHABLE_CODE = YES;
				CLANG_WARN__DUPLICATE_METHOD_MATCH = YES;
				"CODE_SIGN_IDENTITY[sdk=iphoneos*]" = "iPhone Developer";
				COPY_PHASE_STRIP = NO;
				ENABLE_STRICT_OBJC_MSGSEND = YES;
				GCC_C_LANGUAGE_STANDARD = gnu99;
				GCC_DYNAMIC_NO_PIC = NO;
				GCC_OPTIMIZATION_LEVEL = 0;
				GCC_PREPROCESSOR_DEFINITIONS = (
					"DEBUG=1",
					"$(inherited)",
				);
				GCC_SYMBOLS_PRIVATE_EXTERN = NO;
				GCC_WARN_64_TO_32_BIT_CONVERSION = YES;
				GCC_WARN_ABOUT_RETURN_TYPE = YES_ERROR;
				GCC_WARN_UNDECLARED_SELECTOR = YES;
				GCC_WARN_UNINITIALIZED_AUTOS = YES_AGGRESSIVE;
				GCC_WARN_UNUSED_FUNCTION = YES;
				GCC_WARN_UNUSED_VARIABLE = YES;
				IPHONEOS_DEPLOYMENT_TARGET = 8.1;
				MTL_ENABLE_DEBUG_INFO = YES;
				ONLY_ACTIVE_ARCH = YES;
				SDKROOT = iphoneos;
			};
			name = Debug;
		};
		74BE672D1A9F40BB008F7C44 /* Release */ = {
			isa = XCBuildConfiguration;
			buildSettings = {
				ALWAYS_SEARCH_USER_PATHS = NO;
				CLANG_CXX_LANGUAGE_STANDARD = "gnu++0x";
				CLANG_CXX_LIBRARY = "libc++";
				CLANG_ENABLE_MODULES = YES;
				CLANG_ENABLE_OBJC_ARC = YES;
				CLANG_WARN_BOOL_CONVERSION = YES;
				CLANG_WARN_CONSTANT_CONVERSION = YES;
				CLANG_WARN_DIRECT_OBJC_ISA_USAGE = YES_ERROR;
				CLANG_WARN_EMPTY_BODY = YES;
				CLANG_WARN_ENUM_CONVERSION = YES;
				CLANG_WARN_INT_CONVERSION = YES;
				CLANG_WARN_OBJC_ROOT_CLASS = YES_ERROR;
				CLANG_WARN_UNREACHABLE_CODE = YES;
				CLANG_WARN__DUPLICATE_METHOD_MATCH = YES;
				"CODE_SIGN_IDENTITY[sdk=iphoneos*]" = "iPhone Developer";
				COPY_PHASE_STRIP = YES;
				ENABLE_NS_ASSERTIONS = NO;
				ENABLE_STRICT_OBJC_MSGSEND = YES;
				GCC_C_LANGUAGE_STANDARD = gnu99;
				GCC_WARN_64_TO_32_BIT_CONVERSION = YES;
				GCC_WARN_ABOUT_RETURN_TYPE = YES_ERROR;
				GCC_WARN_UNDECLARED_SELECTOR = YES;
				GCC_WARN_UNINITIALIZED_AUTOS = YES_AGGRESSIVE;
				GCC_WARN_UNUSED_FUNCTION = YES;
				GCC_WARN_UNUSED_VARIABLE = YES;
				IPHONEOS_DEPLOYMENT_TARGET = 8.1;
				MTL_ENABLE_DEBUG_INFO = NO;
				SDKROOT = iphoneos;
				VALIDATE_PRODUCT = YES;
			};
			name = Release;
		};
		74BE672F1A9F40BB008F7C44 /* Debug */ = {
			isa = XCBuildConfiguration;
			buildSettings = {
				ASSETCATALOG_COMPILER_APPICON_NAME = AppIcon;
				HEADER_SEARCH_PATHS = (
					"$(inherited)",
					/Applications/Xcode.app/Contents/Developer/Toolchains/XcodeDefault.xctoolchain/usr/include,
					"${SDK_DIR}/usr/include/libxml2",
				);
				INFOPLIST_FILE = OrangeDoctor/Info.plist;
				IPHONEOS_DEPLOYMENT_TARGET = 7.0;
				LD_RUNPATH_SEARCH_PATHS = "$(inherited) @executable_path/Frameworks";
				LIBRARY_SEARCH_PATHS = (
					"$(inherited)",
					"$(PROJECT_DIR)/OrangeDoctor/FrameWork/EaseMobSDK/lib",
				);
				PRODUCT_NAME = "$(TARGET_NAME)";
			};
			name = Debug;
		};
		74BE67301A9F40BB008F7C44 /* Release */ = {
			isa = XCBuildConfiguration;
			buildSettings = {
				ASSETCATALOG_COMPILER_APPICON_NAME = AppIcon;
				HEADER_SEARCH_PATHS = (
					"$(inherited)",
					/Applications/Xcode.app/Contents/Developer/Toolchains/XcodeDefault.xctoolchain/usr/include,
					"${SDK_DIR}/usr/include/libxml2",
				);
				INFOPLIST_FILE = OrangeDoctor/Info.plist;
				IPHONEOS_DEPLOYMENT_TARGET = 7.0;
				LD_RUNPATH_SEARCH_PATHS = "$(inherited) @executable_path/Frameworks";
				LIBRARY_SEARCH_PATHS = (
					"$(inherited)",
					"$(PROJECT_DIR)/OrangeDoctor/FrameWork/EaseMobSDK/lib",
				);
				PRODUCT_NAME = "$(TARGET_NAME)";
			};
			name = Release;
		};
		74BE67321A9F40BB008F7C44 /* Debug */ = {
			isa = XCBuildConfiguration;
			buildSettings = {
				BUNDLE_LOADER = "$(TEST_HOST)";
				FRAMEWORK_SEARCH_PATHS = (
					"$(SDKROOT)/Developer/Library/Frameworks",
					"$(inherited)",
				);
				GCC_PREPROCESSOR_DEFINITIONS = (
					"DEBUG=1",
					"$(inherited)",
				);
				INFOPLIST_FILE = OrangeDoctorTests/Info.plist;
				LD_RUNPATH_SEARCH_PATHS = "$(inherited) @executable_path/Frameworks @loader_path/Frameworks";
				PRODUCT_NAME = "$(TARGET_NAME)";
				TEST_HOST = "$(BUILT_PRODUCTS_DIR)/OrangeDoctor.app/OrangeDoctor";
			};
			name = Debug;
		};
		74BE67331A9F40BB008F7C44 /* Release */ = {
			isa = XCBuildConfiguration;
			buildSettings = {
				BUNDLE_LOADER = "$(TEST_HOST)";
				FRAMEWORK_SEARCH_PATHS = (
					"$(SDKROOT)/Developer/Library/Frameworks",
					"$(inherited)",
				);
				INFOPLIST_FILE = OrangeDoctorTests/Info.plist;
				LD_RUNPATH_SEARCH_PATHS = "$(inherited) @executable_path/Frameworks @loader_path/Frameworks";
				PRODUCT_NAME = "$(TARGET_NAME)";
				TEST_HOST = "$(BUILT_PRODUCTS_DIR)/OrangeDoctor.app/OrangeDoctor";
			};
			name = Release;
		};
/* End XCBuildConfiguration section */

/* Begin XCConfigurationList section */
		74BE67061A9F40BA008F7C44 /* Build configuration list for PBXProject "OrangeDoctor" */ = {
			isa = XCConfigurationList;
			buildConfigurations = (
				74BE672C1A9F40BB008F7C44 /* Debug */,
				74BE672D1A9F40BB008F7C44 /* Release */,
			);
			defaultConfigurationIsVisible = 0;
			defaultConfigurationName = Release;
		};
		74BE672E1A9F40BB008F7C44 /* Build configuration list for PBXNativeTarget "OrangeDoctor" */ = {
			isa = XCConfigurationList;
			buildConfigurations = (
				74BE672F1A9F40BB008F7C44 /* Debug */,
				74BE67301A9F40BB008F7C44 /* Release */,
			);
			defaultConfigurationIsVisible = 0;
			defaultConfigurationName = Release;
		};
		74BE67311A9F40BB008F7C44 /* Build configuration list for PBXNativeTarget "OrangeDoctorTests" */ = {
			isa = XCConfigurationList;
			buildConfigurations = (
				74BE67321A9F40BB008F7C44 /* Debug */,
				74BE67331A9F40BB008F7C44 /* Release */,
			);
			defaultConfigurationIsVisible = 0;
			defaultConfigurationName = Release;
		};
/* End XCConfigurationList section */
	};
	rootObject = 74BE67031A9F40BA008F7C44 /* Project object */;
}
